// !$*UTF8*$!
{
	archiveVersion = 1;
	classes = {
	};
	objectVersion = 46;
	objects = {

/* Begin PBXBuildFile section */
		2549CDD11C103DB7009E8088 /* test.cpp in Sources */ = {isa = PBXBuildFile; fileRef = 2549CDD01C103DB7009E8088 /* test.cpp */; settings = {ASSET_TAGS = (); }; };
		2549CDD41C103DDE009E8088 /* Image.cpp in Sources */ = {isa = PBXBuildFile; fileRef = 2549CDD21C103DDE009E8088 /* Image.cpp */; settings = {ASSET_TAGS = (); }; };
		2549CDD71C103F35009E8088 /* FixedPoint.cpp in Sources */ = {isa = PBXBuildFile; fileRef = 2549CDD51C103F35009E8088 /* FixedPoint.cpp */; settings = {ASSET_TAGS = (); }; };
		2549CDDA1C104217009E8088 /* GameObject.cpp in Sources */ = {isa = PBXBuildFile; fileRef = 2549CDD81C104217009E8088 /* GameObject.cpp */; settings = {ASSET_TAGS = (); }; };
		2549CDE41C1047D2009E8088 /* test2.cpp in Sources */ = {isa = PBXBuildFile; fileRef = 2549CDE01C1047D2009E8088 /* test2.cpp */; settings = {ASSET_TAGS = (); }; };
		2549CDE51C1047D2009E8088 /* test3.cpp in Sources */ = {isa = PBXBuildFile; fileRef = 2549CDE21C1047D2009E8088 /* test3.cpp */; settings = {ASSET_TAGS = (); }; };
		2549CDE91C10483E009E8088 /* TinyRacer.cpp in Sources */ = {isa = PBXBuildFile; fileRef = 2549CDE71C10483E009E8088 /* TinyRacer.cpp */; settings = {ASSET_TAGS = (); }; };
		2549CDEC1C10491D009E8088 /* Screen.cpp in Sources */ = {isa = PBXBuildFile; fileRef = 2549CDEA1C10491D009E8088 /* Screen.cpp */; settings = {ASSET_TAGS = (); }; };
		2549CDF11C104AAA009E8088 /* Joypad.cpp in Sources */ = {isa = PBXBuildFile; fileRef = 2549CDEF1C104AAA009E8088 /* Joypad.cpp */; settings = {ASSET_TAGS = (); }; };
		2549CDF41C105868009E8088 /* BitHelpers.cpp in Sources */ = {isa = PBXBuildFile; fileRef = 2549CDF21C105868009E8088 /* BitHelpers.cpp */; settings = {ASSET_TAGS = (); }; };
		2549CDF71C106725009E8088 /* scbg.cpp in Sources */ = {isa = PBXBuildFile; fileRef = 2549CDF51C106725009E8088 /* scbg.cpp */; settings = {ASSET_TAGS = (); }; };
		259F63891C116B8F005BB009 /* rotest.cpp in Sources */ = {isa = PBXBuildFile; fileRef = 259F63871C116B8F005BB009 /* rotest.cpp */; settings = {ASSET_TAGS = (); }; };
		259F639E1C118775005BB009 /* sinetable.h in Sources */ = {isa = PBXBuildFile; fileRef = 259F639D1C118775005BB009 /* sinetable.h */; settings = {ASSET_TAGS = (); }; };
		259F63A11C11878C005BB009 /* fpmath.cpp in Sources */ = {isa = PBXBuildFile; fileRef = 259F639F1C11878C005BB009 /* fpmath.cpp */; settings = {ASSET_TAGS = (); }; };
		259F63A91C11976C005BB009 /* SDL2.framework in Frameworks */ = {isa = PBXBuildFile; fileRef = 259F63A81C11976C005BB009 /* SDL2.framework */; settings = {ASSET_TAGS = (); }; };
		259F63AC1C11D086005BB009 /* testtrack.cpp in Sources */ = {isa = PBXBuildFile; fileRef = 259F63AA1C11D086005BB009 /* testtrack.cpp */; settings = {ASSET_TAGS = (); }; };
		259F63AF1C1352DB005BB009 /* testcar.cpp in Sources */ = {isa = PBXBuildFile; fileRef = 259F63AD1C1352DB005BB009 /* testcar.cpp */; settings = {ASSET_TAGS = (); }; };
		259F63B61C137D42005BB009 /* carrot_1.cpp in Sources */ = {isa = PBXBuildFile; fileRef = 259F63B01C137D42005BB009 /* carrot_1.cpp */; settings = {ASSET_TAGS = (); }; };
		259F63B71C137D42005BB009 /* carrot_2.cpp in Sources */ = {isa = PBXBuildFile; fileRef = 259F63B21C137D42005BB009 /* carrot_2.cpp */; settings = {ASSET_TAGS = (); }; };
		259F63B81C137D42005BB009 /* carrot_3.cpp in Sources */ = {isa = PBXBuildFile; fileRef = 259F63B41C137D42005BB009 /* carrot_3.cpp */; settings = {ASSET_TAGS = (); }; };
		25B714CD1C08BA9100CE757F /* main.cpp in Sources */ = {isa = PBXBuildFile; fileRef = 25B714CC1C08BA9100CE757F /* main.cpp */; };
/* End PBXBuildFile section */

/* Begin PBXCopyFilesBuildPhase section */
		25B714C71C08BA9100CE757F /* CopyFiles */ = {
			isa = PBXCopyFilesBuildPhase;
			buildActionMask = 2147483647;
			dstPath = /usr/share/man/man1/;
			dstSubfolderSpec = 0;
			files = (
			);
			runOnlyForDeploymentPostprocessing = 1;
		};
/* End PBXCopyFilesBuildPhase section */

/* Begin PBXFileReference section */
		2549CDD01C103DB7009E8088 /* test.cpp */ = {isa = PBXFileReference; fileEncoding = 4; lastKnownFileType = sourcecode.cpp.cpp; name = test.cpp; path = TinyArcade/test.cpp; sourceTree = "<group>"; };
		2549CDD21C103DDE009E8088 /* Image.cpp */ = {isa = PBXFileReference; fileEncoding = 4; lastKnownFileType = sourcecode.cpp.cpp; name = Image.cpp; path = TinyArcade/Image.cpp; sourceTree = "<group>"; };
		2549CDD31C103DDE009E8088 /* Image.h */ = {isa = PBXFileReference; fileEncoding = 4; lastKnownFileType = sourcecode.c.h; name = Image.h; path = TinyArcade/Image.h; sourceTree = "<group>"; };
		2549CDD51C103F35009E8088 /* FixedPoint.cpp */ = {isa = PBXFileReference; fileEncoding = 4; lastKnownFileType = sourcecode.cpp.cpp; name = FixedPoint.cpp; path = TinyArcade/FixedPoint.cpp; sourceTree = "<group>"; };
		2549CDD61C103F35009E8088 /* FixedPoint.h */ = {isa = PBXFileReference; fileEncoding = 4; lastKnownFileType = sourcecode.c.h; name = FixedPoint.h; path = TinyArcade/FixedPoint.h; sourceTree = "<group>"; };
		2549CDD81C104217009E8088 /* GameObject.cpp */ = {isa = PBXFileReference; fileEncoding = 4; lastKnownFileType = sourcecode.cpp.cpp; name = GameObject.cpp; path = TinyArcade/GameObject.cpp; sourceTree = "<group>"; };
		2549CDD91C104217009E8088 /* GameObject.h */ = {isa = PBXFileReference; fileEncoding = 4; lastKnownFileType = sourcecode.c.h; name = GameObject.h; path = TinyArcade/GameObject.h; sourceTree = "<group>"; };
		2549CDDB1C1045C4009E8088 /* Alldata.h */ = {isa = PBXFileReference; lastKnownFileType = sourcecode.c.h; name = Alldata.h; path = TinyArcade/Alldata.h; sourceTree = "<group>"; };
		2549CDDC1C1045D7009E8088 /* test.h */ = {isa = PBXFileReference; lastKnownFileType = sourcecode.c.h; name = test.h; path = TinyArcade/test.h; sourceTree = "<group>"; };
		2549CDE01C1047D2009E8088 /* test2.cpp */ = {isa = PBXFileReference; fileEncoding = 4; lastKnownFileType = sourcecode.cpp.cpp; name = test2.cpp; path = TinyArcade/test2.cpp; sourceTree = "<group>"; };
		2549CDE11C1047D2009E8088 /* test2.h */ = {isa = PBXFileReference; fileEncoding = 4; lastKnownFileType = sourcecode.c.h; name = test2.h; path = TinyArcade/test2.h; sourceTree = "<group>"; };
		2549CDE21C1047D2009E8088 /* test3.cpp */ = {isa = PBXFileReference; fileEncoding = 4; lastKnownFileType = sourcecode.cpp.cpp; name = test3.cpp; path = TinyArcade/test3.cpp; sourceTree = "<group>"; };
		2549CDE31C1047D2009E8088 /* test3.h */ = {isa = PBXFileReference; fileEncoding = 4; lastKnownFileType = sourcecode.c.h; name = test3.h; path = TinyArcade/test3.h; sourceTree = "<group>"; };
		2549CDE71C10483E009E8088 /* TinyRacer.cpp */ = {isa = PBXFileReference; fileEncoding = 4; lastKnownFileType = sourcecode.cpp.cpp; path = TinyRacer.cpp; sourceTree = "<group>"; };
		2549CDEA1C10491D009E8088 /* Screen.cpp */ = {isa = PBXFileReference; fileEncoding = 4; lastKnownFileType = sourcecode.cpp.cpp; name = Screen.cpp; path = TinyArcade/Screen.cpp; sourceTree = "<group>"; };
		2549CDEB1C10491D009E8088 /* Screen.h */ = {isa = PBXFileReference; fileEncoding = 4; lastKnownFileType = sourcecode.c.h; name = Screen.h; path = TinyArcade/Screen.h; sourceTree = "<group>"; };
		2549CDED1C1049A5009E8088 /* types.h */ = {isa = PBXFileReference; lastKnownFileType = sourcecode.c.h; name = types.h; path = TinyArcade/types.h; sourceTree = "<group>"; };
		2549CDEF1C104AAA009E8088 /* Joypad.cpp */ = {isa = PBXFileReference; fileEncoding = 4; lastKnownFileType = sourcecode.cpp.cpp; name = Joypad.cpp; path = TinyArcade/Joypad.cpp; sourceTree = "<group>"; };
		2549CDF01C104AAA009E8088 /* Joypad.h */ = {isa = PBXFileReference; fileEncoding = 4; lastKnownFileType = sourcecode.c.h; name = Joypad.h; path = TinyArcade/Joypad.h; sourceTree = "<group>"; };
		2549CDF21C105868009E8088 /* BitHelpers.cpp */ = {isa = PBXFileReference; fileEncoding = 4; lastKnownFileType = sourcecode.cpp.cpp; name = BitHelpers.cpp; path = TinyArcade/BitHelpers.cpp; sourceTree = "<group>"; };
		2549CDF31C105868009E8088 /* BitHelpers.h */ = {isa = PBXFileReference; fileEncoding = 4; lastKnownFileType = sourcecode.c.h; name = BitHelpers.h; path = TinyArcade/BitHelpers.h; sourceTree = "<group>"; };
		2549CDF51C106725009E8088 /* scbg.cpp */ = {isa = PBXFileReference; fileEncoding = 4; lastKnownFileType = sourcecode.cpp.cpp; name = scbg.cpp; path = TinyArcade/scbg.cpp; sourceTree = "<group>"; };
		2549CDF61C106725009E8088 /* scbg.h */ = {isa = PBXFileReference; fileEncoding = 4; lastKnownFileType = sourcecode.c.h; name = scbg.h; path = TinyArcade/scbg.h; sourceTree = "<group>"; };
		259F63871C116B8F005BB009 /* rotest.cpp */ = {isa = PBXFileReference; fileEncoding = 4; lastKnownFileType = sourcecode.cpp.cpp; name = rotest.cpp; path = TinyArcade/rotest.cpp; sourceTree = "<group>"; };
		259F63881C116B8F005BB009 /* rotest.h */ = {isa = PBXFileReference; fileEncoding = 4; lastKnownFileType = sourcecode.c.h; name = rotest.h; path = TinyArcade/rotest.h; sourceTree = "<group>"; };
		259F639D1C118775005BB009 /* sinetable.h */ = {isa = PBXFileReference; fileEncoding = 4; lastKnownFileType = sourcecode.c.h; name = sinetable.h; path = TinyArcade/sinetable.h; sourceTree = "<group>"; };
		259F639F1C11878C005BB009 /* fpmath.cpp */ = {isa = PBXFileReference; fileEncoding = 4; lastKnownFileType = sourcecode.cpp.cpp; name = fpmath.cpp; path = TinyArcade/fpmath.cpp; sourceTree = "<group>"; };
		259F63A01C11878C005BB009 /* fpmath.h */ = {isa = PBXFileReference; fileEncoding = 4; lastKnownFileType = sourcecode.c.h; name = fpmath.h; path = TinyArcade/fpmath.h; sourceTree = "<group>"; };
		259F63A81C11976C005BB009 /* SDL2.framework */ = {isa = PBXFileReference; lastKnownFileType = wrapper.framework; name = SDL2.framework; path = /Library/Frameworks/SDL2.framework; sourceTree = "<group>"; };
		259F63AA1C11D086005BB009 /* testtrack.cpp */ = {isa = PBXFileReference; fileEncoding = 4; lastKnownFileType = sourcecode.cpp.cpp; name = testtrack.cpp; path = TinyArcade/testtrack.cpp; sourceTree = "<group>"; };
		259F63AB1C11D086005BB009 /* testtrack.h */ = {isa = PBXFileReference; fileEncoding = 4; lastKnownFileType = sourcecode.c.h; name = testtrack.h; path = TinyArcade/testtrack.h; sourceTree = "<group>"; };
		259F63AD1C1352DB005BB009 /* testcar.cpp */ = {isa = PBXFileReference; fileEncoding = 4; lastKnownFileType = sourcecode.cpp.cpp; name = testcar.cpp; path = TinyArcade/testcar.cpp; sourceTree = "<group>"; };
		259F63AE1C1352DB005BB009 /* testcar.h */ = {isa = PBXFileReference; fileEncoding = 4; lastKnownFileType = sourcecode.c.h; name = testcar.h; path = TinyArcade/testcar.h; sourceTree = "<group>"; };
		259F63B01C137D42005BB009 /* carrot_1.cpp */ = {isa = PBXFileReference; fileEncoding = 4; lastKnownFileType = sourcecode.cpp.cpp; name = carrot_1.cpp; path = TinyArcade/carrot_1.cpp; sourceTree = "<group>"; };
		259F63B11C137D42005BB009 /* carrot_1.h */ = {isa = PBXFileReference; fileEncoding = 4; lastKnownFileType = sourcecode.c.h; name = carrot_1.h; path = TinyArcade/carrot_1.h; sourceTree = "<group>"; };
		259F63B21C137D42005BB009 /* carrot_2.cpp */ = {isa = PBXFileReference; fileEncoding = 4; lastKnownFileType = sourcecode.cpp.cpp; name = carrot_2.cpp; path = TinyArcade/carrot_2.cpp; sourceTree = "<group>"; };
		259F63B31C137D42005BB009 /* carrot_2.h */ = {isa = PBXFileReference; fileEncoding = 4; lastKnownFileType = sourcecode.c.h; name = carrot_2.h; path = TinyArcade/carrot_2.h; sourceTree = "<group>"; };
		259F63B41C137D42005BB009 /* carrot_3.cpp */ = {isa = PBXFileReference; fileEncoding = 4; lastKnownFileType = sourcecode.cpp.cpp; name = carrot_3.cpp; path = TinyArcade/carrot_3.cpp; sourceTree = "<group>"; };
		259F63B51C137D42005BB009 /* carrot_3.h */ = {isa = PBXFileReference; fileEncoding = 4; lastKnownFileType = sourcecode.c.h; name = carrot_3.h; path = TinyArcade/carrot_3.h; sourceTree = "<group>"; };
		25B714C91C08BA9100CE757F /* TinyArcade */ = {isa = PBXFileReference; explicitFileType = "compiled.mach-o.executable"; includeInIndex = 0; path = TinyArcade; sourceTree = BUILT_PRODUCTS_DIR; };
		25B714CC1C08BA9100CE757F /* main.cpp */ = {isa = PBXFileReference; lastKnownFileType = sourcecode.cpp.cpp; name = main.cpp; path = TinyArcade/main.cpp; sourceTree = "<group>"; };
/* End PBXFileReference section */

/* Begin PBXFrameworksBuildPhase section */
		25B714C61C08BA9100CE757F /* Frameworks */ = {
			isa = PBXFrameworksBuildPhase;
			buildActionMask = 2147483647;
			files = (
				259F63A91C11976C005BB009 /* SDL2.framework in Frameworks */,
			);
			runOnlyForDeploymentPostprocessing = 0;
		};
/* End PBXFrameworksBuildPhase section */

/* Begin PBXGroup section */
		2549CDDD1C10476A009E8088 /* MacOSX */ = {
			isa = PBXGroup;
			children = (
				25B714CC1C08BA9100CE757F /* main.cpp */,
			);
			name = MacOSX;
			sourceTree = "<group>";
		};
		2549CDDF1C1047AF009E8088 /* Data */ = {
			isa = PBXGroup;
			children = (
				259F63B01C137D42005BB009 /* carrot_1.cpp */,
				259F63B11C137D42005BB009 /* carrot_1.h */,
				259F63B21C137D42005BB009 /* carrot_2.cpp */,
				259F63B31C137D42005BB009 /* carrot_2.h */,
				259F63B41C137D42005BB009 /* carrot_3.cpp */,
				259F63B51C137D42005BB009 /* carrot_3.h */,
				259F63AD1C1352DB005BB009 /* testcar.cpp */,
				259F63AE1C1352DB005BB009 /* testcar.h */,
				259F63AA1C11D086005BB009 /* testtrack.cpp */,
				259F63AB1C11D086005BB009 /* testtrack.h */,
				259F63871C116B8F005BB009 /* rotest.cpp */,
				259F63881C116B8F005BB009 /* rotest.h */,
				2549CDF51C106725009E8088 /* scbg.cpp */,
				2549CDF61C106725009E8088 /* scbg.h */,
				2549CDDB1C1045C4009E8088 /* Alldata.h */,
				2549CDD01C103DB7009E8088 /* test.cpp */,
				2549CDDC1C1045D7009E8088 /* test.h */,
				259F639D1C118775005BB009 /* sinetable.h */,
				2549CDE01C1047D2009E8088 /* test2.cpp */,
				2549CDE11C1047D2009E8088 /* test2.h */,
				2549CDE21C1047D2009E8088 /* test3.cpp */,
				2549CDE31C1047D2009E8088 /* test3.h */,
			);
			name = Data;
			sourceTree = "<group>";
		};
		2549CDE61C1047EC009E8088 /* Engine */ = {
			isa = PBXGroup;
			children = (
				2549CDD51C103F35009E8088 /* FixedPoint.cpp */,
				2549CDD61C103F35009E8088 /* FixedPoint.h */,
				2549CDD21C103DDE009E8088 /* Image.cpp */,
				2549CDD31C103DDE009E8088 /* Image.h */,
				2549CDD81C104217009E8088 /* GameObject.cpp */,
				2549CDD91C104217009E8088 /* GameObject.h */,
				2549CDEA1C10491D009E8088 /* Screen.cpp */,
				2549CDEB1C10491D009E8088 /* Screen.h */,
				2549CDED1C1049A5009E8088 /* types.h */,
				2549CDF21C105868009E8088 /* BitHelpers.cpp */,
				2549CDF31C105868009E8088 /* BitHelpers.h */,
				259F639F1C11878C005BB009 /* fpmath.cpp */,
				259F63A01C11878C005BB009 /* fpmath.h */,
			);
			name = Engine;
			sourceTree = "<group>";
		};
		2549CDEE1C104A84009E8088 /* Abstraction layer */ = {
			isa = PBXGroup;
			children = (
				2549CDEF1C104AAA009E8088 /* Joypad.cpp */,
				2549CDF01C104AAA009E8088 /* Joypad.h */,
			);
			name = "Abstraction layer";
			sourceTree = "<group>";
		};
		25B714C01C08BA9100CE757F = {
			isa = PBXGroup;
			children = (
				25B714CB1C08BA9100CE757F /* TinyArcade */,
				2549CDDF1C1047AF009E8088 /* Data */,
				2549CDE61C1047EC009E8088 /* Engine */,
				2549CDEE1C104A84009E8088 /* Abstraction layer */,
				2549CDDD1C10476A009E8088 /* MacOSX */,
				25B714CA1C08BA9100CE757F /* Products */,
				259F63A81C11976C005BB009 /* SDL2.framework */,
			);
			sourceTree = "<group>";
		};
		25B714CA1C08BA9100CE757F /* Products */ = {
			isa = PBXGroup;
			children = (
				25B714C91C08BA9100CE757F /* TinyArcade */,
			);
			name = Products;
			sourceTree = "<group>";
		};
		25B714CB1C08BA9100CE757F /* TinyArcade */ = {
			isa = PBXGroup;
			children = (
				2549CDE71C10483E009E8088 /* TinyRacer.cpp */,
			);
			path = TinyArcade;
			sourceTree = "<group>";
		};
/* End PBXGroup section */

/* Begin PBXNativeTarget section */
		25B714C81C08BA9100CE757F /* TinyArcade */ = {
			isa = PBXNativeTarget;
			buildConfigurationList = 25B714D01C08BA9100CE757F /* Build configuration list for PBXNativeTarget "TinyArcade" */;
			buildPhases = (
				25B714C51C08BA9100CE757F /* Sources */,
				25B714C61C08BA9100CE757F /* Frameworks */,
				25B714C71C08BA9100CE757F /* CopyFiles */,
			);
			buildRules = (
			);
			dependencies = (
			);
			name = TinyArcade;
			productName = TinyArcade;
			productReference = 25B714C91C08BA9100CE757F /* TinyArcade */;
			productType = "com.apple.product-type.tool";
		};
/* End PBXNativeTarget section */

/* Begin PBXProject section */
		25B714C11C08BA9100CE757F /* Project object */ = {
			isa = PBXProject;
			attributes = {
				LastUpgradeCheck = 0700;
				ORGANIZATIONNAME = "Magnus Runesson";
				TargetAttributes = {
					25B714C81C08BA9100CE757F = {
						CreatedOnToolsVersion = 7.0.1;
					};
				};
			};
			buildConfigurationList = 25B714C41C08BA9100CE757F /* Build configuration list for PBXProject "TinyArcade" */;
			compatibilityVersion = "Xcode 3.2";
			developmentRegion = English;
			hasScannedForEncodings = 0;
			knownRegions = (
				en,
			);
			mainGroup = 25B714C01C08BA9100CE757F;
			productRefGroup = 25B714CA1C08BA9100CE757F /* Products */;
			projectDirPath = "";
			projectRoot = "";
			targets = (
				25B714C81C08BA9100CE757F /* TinyArcade */,
			);
		};
/* End PBXProject section */

/* Begin PBXSourcesBuildPhase section */
		25B714C51C08BA9100CE757F /* Sources */ = {
			isa = PBXSourcesBuildPhase;
			buildActionMask = 2147483647;
			files = (
				2549CDF41C105868009E8088 /* BitHelpers.cpp in Sources */,
				2549CDF11C104AAA009E8088 /* Joypad.cpp in Sources */,
				259F63B61C137D42005BB009 /* carrot_1.cpp in Sources */,
				259F63B71C137D42005BB009 /* carrot_2.cpp in Sources */,
				2549CDD41C103DDE009E8088 /* Image.cpp in Sources */,
				259F63AC1C11D086005BB009 /* testtrack.cpp in Sources */,
				2549CDD71C103F35009E8088 /* FixedPoint.cpp in Sources */,
				2549CDE41C1047D2009E8088 /* test2.cpp in Sources */,
				259F63AF1C1352DB005BB009 /* testcar.cpp in Sources */,
				259F639E1C118775005BB009 /* sinetable.h in Sources */,
				259F63B81C137D42005BB009 /* carrot_3.cpp in Sources */,
				2549CDE51C1047D2009E8088 /* test3.cpp in Sources */,
				259F63A11C11878C005BB009 /* fpmath.cpp in Sources */,
				25B714CD1C08BA9100CE757F /* main.cpp in Sources */,
				259F63891C116B8F005BB009 /* rotest.cpp in Sources */,
				2549CDD11C103DB7009E8088 /* test.cpp in Sources */,
				2549CDF71C106725009E8088 /* scbg.cpp in Sources */,
				2549CDDA1C104217009E8088 /* GameObject.cpp in Sources */,
				2549CDE91C10483E009E8088 /* TinyRacer.cpp in Sources */,
				2549CDEC1C10491D009E8088 /* Screen.cpp in Sources */,
			);
			runOnlyForDeploymentPostprocessing = 0;
		};
/* End PBXSourcesBuildPhase section */

/* Begin XCBuildConfiguration section */
		25B714CE1C08BA9100CE757F /* Debug */ = {
			isa = XCBuildConfiguration;
			buildSettings = {
				ALWAYS_SEARCH_USER_PATHS = NO;
				CLANG_CXX_LANGUAGE_STANDARD = "gnu++0x";
				CLANG_CXX_LIBRARY = "libc++";
				CLANG_ENABLE_MODULES = YES;
				CLANG_ENABLE_OBJC_ARC = YES;
				CLANG_WARN_BOOL_CONVERSION = YES;
				CLANG_WARN_CONSTANT_CONVERSION = YES;
				CLANG_WARN_DIRECT_OBJC_ISA_USAGE = YES_ERROR;
				CLANG_WARN_EMPTY_BODY = YES;
				CLANG_WARN_ENUM_CONVERSION = YES;
				CLANG_WARN_INT_CONVERSION = YES;
				CLANG_WARN_OBJC_ROOT_CLASS = YES_ERROR;
				CLANG_WARN_UNREACHABLE_CODE = YES;
				CLANG_WARN__DUPLICATE_METHOD_MATCH = YES;
				COPY_PHASE_STRIP = NO;
				DEBUG_INFORMATION_FORMAT = dwarf;
				ENABLE_STRICT_OBJC_MSGSEND = YES;
				ENABLE_TESTABILITY = YES;
				GCC_C_LANGUAGE_STANDARD = gnu99;
				GCC_DYNAMIC_NO_PIC = NO;
				GCC_NO_COMMON_BLOCKS = YES;
				GCC_OPTIMIZATION_LEVEL = 0;
				GCC_PREPROCESSOR_DEFINITIONS = (
					"DEBUG=1",
					"$(inherited)",
				);
				GCC_WARN_64_TO_32_BIT_CONVERSION = YES;
				GCC_WARN_ABOUT_RETURN_TYPE = YES_ERROR;
				GCC_WARN_UNDECLARED_SELECTOR = YES;
				GCC_WARN_UNINITIALIZED_AUTOS = YES_AGGRESSIVE;
				GCC_WARN_UNUSED_FUNCTION = YES;
				GCC_WARN_UNUSED_VARIABLE = YES;
				MACOSX_DEPLOYMENT_TARGET = 10.10;
				MTL_ENABLE_DEBUG_INFO = YES;
				ONLY_ACTIVE_ARCH = YES;
				SDKROOT = macosx;
			};
			name = Debug;
		};
		25B714CF1C08BA9100CE757F /* Release */ = {
			isa = XCBuildConfiguration;
			buildSettings = {
				ALWAYS_SEARCH_USER_PATHS = NO;
				CLANG_CXX_LANGUAGE_STANDARD = "gnu++0x";
				CLANG_CXX_LIBRARY = "libc++";
				CLANG_ENABLE_MODULES = YES;
				CLANG_ENABLE_OBJC_ARC = YES;
				CLANG_WARN_BOOL_CONVERSION = YES;
				CLANG_WARN_CONSTANT_CONVERSION = YES;
				CLANG_WARN_DIRECT_OBJC_ISA_USAGE = YES_ERROR;
				CLANG_WARN_EMPTY_BODY = YES;
				CLANG_WARN_ENUM_CONVERSION = YES;
				CLANG_WARN_INT_CONVERSION = YES;
				CLANG_WARN_OBJC_ROOT_CLASS = YES_ERROR;
				CLANG_WARN_UNREACHABLE_CODE = YES;
				CLANG_WARN__DUPLICATE_METHOD_MATCH = YES;
				COPY_PHASE_STRIP = NO;
				DEBUG_INFORMATION_FORMAT = "dwarf-with-dsym";
				ENABLE_NS_ASSERTIONS = NO;
				ENABLE_STRICT_OBJC_MSGSEND = YES;
				GCC_C_LANGUAGE_STANDARD = gnu99;
				GCC_NO_COMMON_BLOCKS = YES;
				GCC_WARN_64_TO_32_BIT_CONVERSION = YES;
				GCC_WARN_ABOUT_RETURN_TYPE = YES_ERROR;
				GCC_WARN_UNDECLARED_SELECTOR = YES;
				GCC_WARN_UNINITIALIZED_AUTOS = YES_AGGRESSIVE;
				GCC_WARN_UNUSED_FUNCTION = YES;
				GCC_WARN_UNUSED_VARIABLE = YES;
				MACOSX_DEPLOYMENT_TARGET = 10.10;
				MTL_ENABLE_DEBUG_INFO = NO;
				SDKROOT = macosx;
			};
			name = Release;
		};
		25B714D11C08BA9100CE757F /* Debug */ = {
			isa = XCBuildConfiguration;
			buildSettings = {
				FRAMEWORK_SEARCH_PATHS = (
					"$(inherited)",
					"$(LOCAL_LIBRARY_DIR)/Frameworks",
				);
				PRODUCT_NAME = "$(TARGET_NAME)";
			};
			name = Debug;
		};
		25B714D21C08BA9100CE757F /* Release */ = {
			isa = XCBuildConfiguration;
			buildSettings = {
				FRAMEWORK_SEARCH_PATHS = (
					"$(inherited)",
					"$(LOCAL_LIBRARY_DIR)/Frameworks",
				);
				PRODUCT_NAME = "$(TARGET_NAME)";
			};
			name = Release;
		};
/* End XCBuildConfiguration section */

/* Begin XCConfigurationList section */
		25B714C41C08BA9100CE757F /* Build configuration list for PBXProject "TinyArcade" */ = {
			isa = XCConfigurationList;
			buildConfigurations = (
				25B714CE1C08BA9100CE757F /* Debug */,
				25B714CF1C08BA9100CE757F /* Release */,
			);
			defaultConfigurationIsVisible = 0;
			defaultConfigurationName = Release;
		};
		25B714D01C08BA9100CE757F /* Build configuration list for PBXNativeTarget "TinyArcade" */ = {
			isa = XCConfigurationList;
			buildConfigurations = (
				25B714D11C08BA9100CE757F /* Debug */,
				25B714D21C08BA9100CE757F /* Release */,
			);
			defaultConfigurationIsVisible = 0;
			defaultConfigurationName = Release;
		};
/* End XCConfigurationList section */
	};
	rootObject = 25B714C11C08BA9100CE757F /* Project object */;
}
