// !$*UTF8*$!
{
	archiveVersion = 1;
	classes = {
	};
	objectVersion = 46;
	objects = {

/* Begin PBXBuildFile section */
		25187C351C16E0CA00C568C9 /* TinyRaceCar.cpp in Sources */ = {isa = PBXBuildFile; fileRef = 25187C331C16E0CA00C568C9 /* TinyRaceCar.cpp */; settings = {ASSET_TAGS = (); }; };
		25187C381C16E50E00C568C9 /* Camera.cpp in Sources */ = {isa = PBXBuildFile; fileRef = 25187C361C16E50E00C568C9 /* Camera.cpp */; settings = {ASSET_TAGS = (); }; };
		25187C3B1C16E89700C568C9 /* fp2d.cpp in Sources */ = {isa = PBXBuildFile; fileRef = 25187C391C16E89700C568C9 /* fp2d.cpp */; settings = {ASSET_TAGS = (); }; };
		25187C3E1C170A9600C568C9 /* testcarbig.cpp in Sources */ = {isa = PBXBuildFile; fileRef = 25187C3C1C170A9600C568C9 /* testcarbig.cpp */; settings = {ASSET_TAGS = (); }; };
		254381BC1C16DED3005A8626 /* Joypad.cpp in Sources */ = {isa = PBXBuildFile; fileRef = 254381BA1C16DED3005A8626 /* Joypad.cpp */; settings = {ASSET_TAGS = (); }; };
		254381BE1C16DEDD005A8626 /* main.cpp in Sources */ = {isa = PBXBuildFile; fileRef = 254381BD1C16DEDD005A8626 /* main.cpp */; settings = {ASSET_TAGS = (); }; };
		254381DA1C16DF65005A8626 /* test.cpp in Sources */ = {isa = PBXBuildFile; fileRef = 254381CB1C16DF65005A8626 /* test.cpp */; settings = {ASSET_TAGS = (); }; };
		254381DB1C16DF65005A8626 /* test2.cpp in Sources */ = {isa = PBXBuildFile; fileRef = 254381CD1C16DF65005A8626 /* test2.cpp */; settings = {ASSET_TAGS = (); }; };
		254381DC1C16DF65005A8626 /* test3.cpp in Sources */ = {isa = PBXBuildFile; fileRef = 254381CF1C16DF65005A8626 /* test3.cpp */; settings = {ASSET_TAGS = (); }; };
		254381DD1C16DF65005A8626 /* testcar.cpp in Sources */ = {isa = PBXBuildFile; fileRef = 254381D11C16DF65005A8626 /* testcar.cpp */; settings = {ASSET_TAGS = (); }; };
		254381DE1C16DF65005A8626 /* testtrack.cpp in Sources */ = {isa = PBXBuildFile; fileRef = 254381D31C16DF65005A8626 /* testtrack.cpp */; settings = {ASSET_TAGS = (); }; };
		254381E01C16DF73005A8626 /* TinyRacer.cpp in Sources */ = {isa = PBXBuildFile; fileRef = 254381DF1C16DF73005A8626 /* TinyRacer.cpp */; settings = {ASSET_TAGS = (); }; };
		254381EE1C16DF9D005A8626 /* BitHelpers.cpp in Sources */ = {isa = PBXBuildFile; fileRef = 254381E11C16DF9D005A8626 /* BitHelpers.cpp */; settings = {ASSET_TAGS = (); }; };
		254381EF1C16DF9D005A8626 /* FixedPoint.cpp in Sources */ = {isa = PBXBuildFile; fileRef = 254381E31C16DF9D005A8626 /* FixedPoint.cpp */; settings = {ASSET_TAGS = (); }; };
		254381F01C16DF9D005A8626 /* fpmath.cpp in Sources */ = {isa = PBXBuildFile; fileRef = 254381E51C16DF9D005A8626 /* fpmath.cpp */; settings = {ASSET_TAGS = (); }; };
		254381F11C16DF9D005A8626 /* GameObject.cpp in Sources */ = {isa = PBXBuildFile; fileRef = 254381E71C16DF9D005A8626 /* GameObject.cpp */; settings = {ASSET_TAGS = (); }; };
		254381F21C16DF9D005A8626 /* Image.cpp in Sources */ = {isa = PBXBuildFile; fileRef = 254381E91C16DF9D005A8626 /* Image.cpp */; settings = {ASSET_TAGS = (); }; };
		254381F31C16DF9D005A8626 /* Screen.cpp in Sources */ = {isa = PBXBuildFile; fileRef = 254381EB1C16DF9D005A8626 /* Screen.cpp */; settings = {ASSET_TAGS = (); }; };
		2552940B1C30422F0086B59A /* Sprite.cpp in Sources */ = {isa = PBXBuildFile; fileRef = 255294091C30422F0086B59A /* Sprite.cpp */; settings = {ASSET_TAGS = (); }; };
		2554B3FA1C1991AC00823036 /* tinyracecar_0.cpp in Sources */ = {isa = PBXBuildFile; fileRef = 2554B3E81C1991AC00823036 /* tinyracecar_0.cpp */; settings = {ASSET_TAGS = (); }; };
		2554B3FB1C1991AC00823036 /* tinyracecar_10.cpp in Sources */ = {isa = PBXBuildFile; fileRef = 2554B3EA1C1991AC00823036 /* tinyracecar_10.cpp */; settings = {ASSET_TAGS = (); }; };
		2554B3FC1C1991AC00823036 /* tinyracecar_20.cpp in Sources */ = {isa = PBXBuildFile; fileRef = 2554B3EC1C1991AC00823036 /* tinyracecar_20.cpp */; settings = {ASSET_TAGS = (); }; };
		2554B3FD1C1991AC00823036 /* tinyracecar_30.cpp in Sources */ = {isa = PBXBuildFile; fileRef = 2554B3EE1C1991AC00823036 /* tinyracecar_30.cpp */; settings = {ASSET_TAGS = (); }; };
		2554B3FE1C1991AC00823036 /* tinyracecar_40.cpp in Sources */ = {isa = PBXBuildFile; fileRef = 2554B3F01C1991AC00823036 /* tinyracecar_40.cpp */; settings = {ASSET_TAGS = (); }; };
		2554B3FF1C1991AC00823036 /* tinyracecar_50.cpp in Sources */ = {isa = PBXBuildFile; fileRef = 2554B3F21C1991AC00823036 /* tinyracecar_50.cpp */; settings = {ASSET_TAGS = (); }; };
		2554B4001C1991AC00823036 /* tinyracecar_60.cpp in Sources */ = {isa = PBXBuildFile; fileRef = 2554B3F41C1991AC00823036 /* tinyracecar_60.cpp */; settings = {ASSET_TAGS = (); }; };
		2554B4011C1991AC00823036 /* tinyracecar_70.cpp in Sources */ = {isa = PBXBuildFile; fileRef = 2554B3F61C1991AC00823036 /* tinyracecar_70.cpp */; settings = {ASSET_TAGS = (); }; };
		2554B4021C1991AC00823036 /* tinyracecar_80.cpp in Sources */ = {isa = PBXBuildFile; fileRef = 2554B3F81C1991AC00823036 /* tinyracecar_80.cpp */; settings = {ASSET_TAGS = (); }; };
		259F63A91C11976C005BB009 /* SDL2.framework in Frameworks */ = {isa = PBXBuildFile; fileRef = 259F63A81C11976C005BB009 /* SDL2.framework */; settings = {ASSET_TAGS = (); }; };
		25DFC19A1C2EF75C00F51F95 /* SpriteRenderer.cpp in Sources */ = {isa = PBXBuildFile; fileRef = 25DFC1981C2EF75C00F51F95 /* SpriteRenderer.cpp */; settings = {ASSET_TAGS = (); }; };
/* End PBXBuildFile section */

/* Begin PBXCopyFilesBuildPhase section */
		25B714C71C08BA9100CE757F /* CopyFiles */ = {
			isa = PBXCopyFilesBuildPhase;
			buildActionMask = 2147483647;
			dstPath = /usr/share/man/man1/;
			dstSubfolderSpec = 0;
			files = (
			);
			runOnlyForDeploymentPostprocessing = 1;
		};
/* End PBXCopyFilesBuildPhase section */

/* Begin PBXFileReference section */
		25187C331C16E0CA00C568C9 /* TinyRaceCar.cpp */ = {isa = PBXFileReference; fileEncoding = 4; lastKnownFileType = sourcecode.cpp.cpp; name = TinyRaceCar.cpp; path = TinyRacer/TinyRaceCar.cpp; sourceTree = "<group>"; };
		25187C341C16E0CA00C568C9 /* TinyRaceCar.h */ = {isa = PBXFileReference; fileEncoding = 4; lastKnownFileType = sourcecode.c.h; name = TinyRaceCar.h; path = TinyRacer/TinyRaceCar.h; sourceTree = "<group>"; };
		25187C361C16E50E00C568C9 /* Camera.cpp */ = {isa = PBXFileReference; fileEncoding = 4; lastKnownFileType = sourcecode.cpp.cpp; name = Camera.cpp; path = TinyArcade/Engine/Camera.cpp; sourceTree = "<group>"; };
		25187C371C16E50E00C568C9 /* Camera.h */ = {isa = PBXFileReference; fileEncoding = 4; lastKnownFileType = sourcecode.c.h; name = Camera.h; path = TinyArcade/Engine/Camera.h; sourceTree = "<group>"; };
		25187C391C16E89700C568C9 /* fp2d.cpp */ = {isa = PBXFileReference; fileEncoding = 4; lastKnownFileType = sourcecode.cpp.cpp; name = fp2d.cpp; path = TinyArcade/Engine/fp2d.cpp; sourceTree = "<group>"; };
		25187C3A1C16E89700C568C9 /* fp2d.h */ = {isa = PBXFileReference; fileEncoding = 4; lastKnownFileType = sourcecode.c.h; name = fp2d.h; path = TinyArcade/Engine/fp2d.h; sourceTree = "<group>"; };
		25187C3C1C170A9600C568C9 /* testcarbig.cpp */ = {isa = PBXFileReference; fileEncoding = 4; lastKnownFileType = sourcecode.cpp.cpp; name = testcarbig.cpp; path = TinyArcade/TinyRacer/Data/testcarbig.cpp; sourceTree = "<group>"; };
		25187C3D1C170A9600C568C9 /* testcarbig.h */ = {isa = PBXFileReference; fileEncoding = 4; lastKnownFileType = sourcecode.c.h; name = testcarbig.h; path = TinyArcade/TinyRacer/Data/testcarbig.h; sourceTree = "<group>"; };
		254381BA1C16DED3005A8626 /* Joypad.cpp */ = {isa = PBXFileReference; fileEncoding = 4; lastKnownFileType = sourcecode.cpp.cpp; name = Joypad.cpp; path = "TinyArcade/Abstraction layer/Joypad.cpp"; sourceTree = "<group>"; };
		254381BB1C16DED3005A8626 /* Joypad.h */ = {isa = PBXFileReference; fileEncoding = 4; lastKnownFileType = sourcecode.c.h; name = Joypad.h; path = "TinyArcade/Abstraction layer/Joypad.h"; sourceTree = "<group>"; };
		254381BD1C16DEDD005A8626 /* main.cpp */ = {isa = PBXFileReference; fileEncoding = 4; lastKnownFileType = sourcecode.cpp.cpp; name = main.cpp; path = TinyArcade/MacOSX/main.cpp; sourceTree = "<group>"; };
		254381BF1C16DF15005A8626 /* types.h */ = {isa = PBXFileReference; lastKnownFileType = sourcecode.c.h; name = types.h; path = TinyArcade/MacOSX/types.h; sourceTree = "<group>"; };
		254381C01C16DF65005A8626 /* Alldata.h */ = {isa = PBXFileReference; fileEncoding = 4; lastKnownFileType = sourcecode.c.h; name = Alldata.h; path = TinyArcade/TinyRacer/Data/Alldata.h; sourceTree = "<group>"; };
		254381CB1C16DF65005A8626 /* test.cpp */ = {isa = PBXFileReference; fileEncoding = 4; lastKnownFileType = sourcecode.cpp.cpp; name = test.cpp; path = TinyArcade/TinyRacer/Data/test.cpp; sourceTree = "<group>"; };
		254381CC1C16DF65005A8626 /* test.h */ = {isa = PBXFileReference; fileEncoding = 4; lastKnownFileType = sourcecode.c.h; name = test.h; path = TinyArcade/TinyRacer/Data/test.h; sourceTree = "<group>"; };
		254381CD1C16DF65005A8626 /* test2.cpp */ = {isa = PBXFileReference; fileEncoding = 4; lastKnownFileType = sourcecode.cpp.cpp; name = test2.cpp; path = TinyArcade/TinyRacer/Data/test2.cpp; sourceTree = "<group>"; };
		254381CE1C16DF65005A8626 /* test2.h */ = {isa = PBXFileReference; fileEncoding = 4; lastKnownFileType = sourcecode.c.h; name = test2.h; path = TinyArcade/TinyRacer/Data/test2.h; sourceTree = "<group>"; };
		254381CF1C16DF65005A8626 /* test3.cpp */ = {isa = PBXFileReference; fileEncoding = 4; lastKnownFileType = sourcecode.cpp.cpp; name = test3.cpp; path = TinyArcade/TinyRacer/Data/test3.cpp; sourceTree = "<group>"; };
		254381D01C16DF65005A8626 /* test3.h */ = {isa = PBXFileReference; fileEncoding = 4; lastKnownFileType = sourcecode.c.h; name = test3.h; path = TinyArcade/TinyRacer/Data/test3.h; sourceTree = "<group>"; };
		254381D11C16DF65005A8626 /* testcar.cpp */ = {isa = PBXFileReference; fileEncoding = 4; lastKnownFileType = sourcecode.cpp.cpp; name = testcar.cpp; path = TinyArcade/TinyRacer/Data/testcar.cpp; sourceTree = "<group>"; };
		254381D21C16DF65005A8626 /* testcar.h */ = {isa = PBXFileReference; fileEncoding = 4; lastKnownFileType = sourcecode.c.h; name = testcar.h; path = TinyArcade/TinyRacer/Data/testcar.h; sourceTree = "<group>"; };
		254381D31C16DF65005A8626 /* testtrack.cpp */ = {isa = PBXFileReference; fileEncoding = 4; lastKnownFileType = sourcecode.cpp.cpp; name = testtrack.cpp; path = TinyArcade/TinyRacer/Data/testtrack.cpp; sourceTree = "<group>"; };
		254381D41C16DF65005A8626 /* testtrack.h */ = {isa = PBXFileReference; fileEncoding = 4; lastKnownFileType = sourcecode.c.h; name = testtrack.h; path = TinyArcade/TinyRacer/Data/testtrack.h; sourceTree = "<group>"; };
		254381DF1C16DF73005A8626 /* TinyRacer.cpp */ = {isa = PBXFileReference; fileEncoding = 4; lastKnownFileType = sourcecode.cpp.cpp; name = TinyRacer.cpp; path = TinyRacer/TinyRacer.cpp; sourceTree = "<group>"; };
		254381E11C16DF9D005A8626 /* BitHelpers.cpp */ = {isa = PBXFileReference; fileEncoding = 4; lastKnownFileType = sourcecode.cpp.cpp; name = BitHelpers.cpp; path = TinyArcade/Engine/BitHelpers.cpp; sourceTree = "<group>"; };
		254381E21C16DF9D005A8626 /* BitHelpers.h */ = {isa = PBXFileReference; fileEncoding = 4; lastKnownFileType = sourcecode.c.h; name = BitHelpers.h; path = TinyArcade/Engine/BitHelpers.h; sourceTree = "<group>"; };
		254381E31C16DF9D005A8626 /* FixedPoint.cpp */ = {isa = PBXFileReference; fileEncoding = 4; lastKnownFileType = sourcecode.cpp.cpp; name = FixedPoint.cpp; path = TinyArcade/Engine/FixedPoint.cpp; sourceTree = "<group>"; };
		254381E41C16DF9D005A8626 /* FixedPoint.h */ = {isa = PBXFileReference; fileEncoding = 4; lastKnownFileType = sourcecode.c.h; name = FixedPoint.h; path = TinyArcade/Engine/FixedPoint.h; sourceTree = "<group>"; };
		254381E51C16DF9D005A8626 /* fpmath.cpp */ = {isa = PBXFileReference; fileEncoding = 4; lastKnownFileType = sourcecode.cpp.cpp; name = fpmath.cpp; path = TinyArcade/Engine/fpmath.cpp; sourceTree = "<group>"; };
		254381E61C16DF9D005A8626 /* fpmath.h */ = {isa = PBXFileReference; fileEncoding = 4; lastKnownFileType = sourcecode.c.h; name = fpmath.h; path = TinyArcade/Engine/fpmath.h; sourceTree = "<group>"; };
		254381E71C16DF9D005A8626 /* GameObject.cpp */ = {isa = PBXFileReference; fileEncoding = 4; lastKnownFileType = sourcecode.cpp.cpp; name = GameObject.cpp; path = TinyArcade/Engine/GameObject.cpp; sourceTree = "<group>"; };
		254381E81C16DF9D005A8626 /* GameObject.h */ = {isa = PBXFileReference; fileEncoding = 4; lastKnownFileType = sourcecode.c.h; name = GameObject.h; path = TinyArcade/Engine/GameObject.h; sourceTree = "<group>"; };
		254381E91C16DF9D005A8626 /* Image.cpp */ = {isa = PBXFileReference; fileEncoding = 4; lastKnownFileType = sourcecode.cpp.cpp; name = Image.cpp; path = TinyArcade/Engine/Image.cpp; sourceTree = "<group>"; };
		254381EA1C16DF9D005A8626 /* Image.h */ = {isa = PBXFileReference; fileEncoding = 4; lastKnownFileType = sourcecode.c.h; name = Image.h; path = TinyArcade/Engine/Image.h; sourceTree = "<group>"; };
		254381EB1C16DF9D005A8626 /* Screen.cpp */ = {isa = PBXFileReference; fileEncoding = 4; lastKnownFileType = sourcecode.cpp.cpp; name = Screen.cpp; path = TinyArcade/Engine/Screen.cpp; sourceTree = "<group>"; };
		254381EC1C16DF9D005A8626 /* Screen.h */ = {isa = PBXFileReference; fileEncoding = 4; lastKnownFileType = sourcecode.c.h; name = Screen.h; path = TinyArcade/Engine/Screen.h; sourceTree = "<group>"; };
		254381ED1C16DF9D005A8626 /* sinetable.h */ = {isa = PBXFileReference; fileEncoding = 4; lastKnownFileType = sourcecode.c.h; name = sinetable.h; path = TinyArcade/Engine/sinetable.h; sourceTree = "<group>"; };
		255294091C30422F0086B59A /* Sprite.cpp */ = {isa = PBXFileReference; fileEncoding = 4; lastKnownFileType = sourcecode.cpp.cpp; name = Sprite.cpp; path = TinyArcade/Engine/Sprite.cpp; sourceTree = "<group>"; };
		2552940A1C30422F0086B59A /* Sprite.h */ = {isa = PBXFileReference; fileEncoding = 4; lastKnownFileType = sourcecode.c.h; name = Sprite.h; path = TinyArcade/Engine/Sprite.h; sourceTree = "<group>"; };
		2554B3E81C1991AC00823036 /* tinyracecar_0.cpp */ = {isa = PBXFileReference; fileEncoding = 4; lastKnownFileType = sourcecode.cpp.cpp; name = tinyracecar_0.cpp; path = TinyArcade/TinyRacer/Data/tinyracecar_0.cpp; sourceTree = "<group>"; };
		2554B3E91C1991AC00823036 /* tinyracecar_0.h */ = {isa = PBXFileReference; fileEncoding = 4; lastKnownFileType = sourcecode.c.h; name = tinyracecar_0.h; path = TinyArcade/TinyRacer/Data/tinyracecar_0.h; sourceTree = "<group>"; };
		2554B3EA1C1991AC00823036 /* tinyracecar_10.cpp */ = {isa = PBXFileReference; fileEncoding = 4; lastKnownFileType = sourcecode.cpp.cpp; name = tinyracecar_10.cpp; path = TinyArcade/TinyRacer/Data/tinyracecar_10.cpp; sourceTree = "<group>"; };
		2554B3EB1C1991AC00823036 /* tinyracecar_10.h */ = {isa = PBXFileReference; fileEncoding = 4; lastKnownFileType = sourcecode.c.h; name = tinyracecar_10.h; path = TinyArcade/TinyRacer/Data/tinyracecar_10.h; sourceTree = "<group>"; };
		2554B3EC1C1991AC00823036 /* tinyracecar_20.cpp */ = {isa = PBXFileReference; fileEncoding = 4; lastKnownFileType = sourcecode.cpp.cpp; name = tinyracecar_20.cpp; path = TinyArcade/TinyRacer/Data/tinyracecar_20.cpp; sourceTree = "<group>"; };
		2554B3ED1C1991AC00823036 /* tinyracecar_20.h */ = {isa = PBXFileReference; fileEncoding = 4; lastKnownFileType = sourcecode.c.h; name = tinyracecar_20.h; path = TinyArcade/TinyRacer/Data/tinyracecar_20.h; sourceTree = "<group>"; };
		2554B3EE1C1991AC00823036 /* tinyracecar_30.cpp */ = {isa = PBXFileReference; fileEncoding = 4; lastKnownFileType = sourcecode.cpp.cpp; name = tinyracecar_30.cpp; path = TinyArcade/TinyRacer/Data/tinyracecar_30.cpp; sourceTree = "<group>"; };
		2554B3EF1C1991AC00823036 /* tinyracecar_30.h */ = {isa = PBXFileReference; fileEncoding = 4; lastKnownFileType = sourcecode.c.h; name = tinyracecar_30.h; path = TinyArcade/TinyRacer/Data/tinyracecar_30.h; sourceTree = "<group>"; };
		2554B3F01C1991AC00823036 /* tinyracecar_40.cpp */ = {isa = PBXFileReference; fileEncoding = 4; lastKnownFileType = sourcecode.cpp.cpp; name = tinyracecar_40.cpp; path = TinyArcade/TinyRacer/Data/tinyracecar_40.cpp; sourceTree = "<group>"; };
		2554B3F11C1991AC00823036 /* tinyracecar_40.h */ = {isa = PBXFileReference; fileEncoding = 4; lastKnownFileType = sourcecode.c.h; name = tinyracecar_40.h; path = TinyArcade/TinyRacer/Data/tinyracecar_40.h; sourceTree = "<group>"; };
		2554B3F21C1991AC00823036 /* tinyracecar_50.cpp */ = {isa = PBXFileReference; fileEncoding = 4; lastKnownFileType = sourcecode.cpp.cpp; name = tinyracecar_50.cpp; path = TinyArcade/TinyRacer/Data/tinyracecar_50.cpp; sourceTree = "<group>"; };
		2554B3F31C1991AC00823036 /* tinyracecar_50.h */ = {isa = PBXFileReference; fileEncoding = 4; lastKnownFileType = sourcecode.c.h; name = tinyracecar_50.h; path = TinyArcade/TinyRacer/Data/tinyracecar_50.h; sourceTree = "<group>"; };
		2554B3F41C1991AC00823036 /* tinyracecar_60.cpp */ = {isa = PBXFileReference; fileEncoding = 4; lastKnownFileType = sourcecode.cpp.cpp; name = tinyracecar_60.cpp; path = TinyArcade/TinyRacer/Data/tinyracecar_60.cpp; sourceTree = "<group>"; };
		2554B3F51C1991AC00823036 /* tinyracecar_60.h */ = {isa = PBXFileReference; fileEncoding = 4; lastKnownFileType = sourcecode.c.h; name = tinyracecar_60.h; path = TinyArcade/TinyRacer/Data/tinyracecar_60.h; sourceTree = "<group>"; };
		2554B3F61C1991AC00823036 /* tinyracecar_70.cpp */ = {isa = PBXFileReference; fileEncoding = 4; lastKnownFileType = sourcecode.cpp.cpp; name = tinyracecar_70.cpp; path = TinyArcade/TinyRacer/Data/tinyracecar_70.cpp; sourceTree = "<group>"; };
		2554B3F71C1991AC00823036 /* tinyracecar_70.h */ = {isa = PBXFileReference; fileEncoding = 4; lastKnownFileType = sourcecode.c.h; name = tinyracecar_70.h; path = TinyArcade/TinyRacer/Data/tinyracecar_70.h; sourceTree = "<group>"; };
		2554B3F81C1991AC00823036 /* tinyracecar_80.cpp */ = {isa = PBXFileReference; fileEncoding = 4; lastKnownFileType = sourcecode.cpp.cpp; name = tinyracecar_80.cpp; path = TinyArcade/TinyRacer/Data/tinyracecar_80.cpp; sourceTree = "<group>"; };
		2554B3F91C1991AC00823036 /* tinyracecar_80.h */ = {isa = PBXFileReference; fileEncoding = 4; lastKnownFileType = sourcecode.c.h; name = tinyracecar_80.h; path = TinyArcade/TinyRacer/Data/tinyracecar_80.h; sourceTree = "<group>"; };
		259F63A81C11976C005BB009 /* SDL2.framework */ = {isa = PBXFileReference; lastKnownFileType = wrapper.framework; name = SDL2.framework; path = /Library/Frameworks/SDL2.framework; sourceTree = "<group>"; };
		25B714C91C08BA9100CE757F /* TinyArcade */ = {isa = PBXFileReference; explicitFileType = "compiled.mach-o.executable"; includeInIndex = 0; path = TinyArcade; sourceTree = BUILT_PRODUCTS_DIR; };
		25DFC1981C2EF75C00F51F95 /* SpriteRenderer.cpp */ = {isa = PBXFileReference; fileEncoding = 4; lastKnownFileType = sourcecode.cpp.cpp; name = SpriteRenderer.cpp; path = TinyArcade/Engine/SpriteRenderer.cpp; sourceTree = "<group>"; };
		25DFC1991C2EF75C00F51F95 /* SpriteRenderer.h */ = {isa = PBXFileReference; fileEncoding = 4; lastKnownFileType = sourcecode.c.h; name = SpriteRenderer.h; path = TinyArcade/Engine/SpriteRenderer.h; sourceTree = "<group>"; };
/* End PBXFileReference section */

/* Begin PBXFrameworksBuildPhase section */
		25B714C61C08BA9100CE757F /* Frameworks */ = {
			isa = PBXFrameworksBuildPhase;
			buildActionMask = 2147483647;
			files = (
				259F63A91C11976C005BB009 /* SDL2.framework in Frameworks */,
			);
			runOnlyForDeploymentPostprocessing = 0;
		};
/* End PBXFrameworksBuildPhase section */

/* Begin PBXGroup section */
		2549CDDD1C10476A009E8088 /* MacOSX */ = {
			isa = PBXGroup;
			children = (
				254381BD1C16DEDD005A8626 /* main.cpp */,
				254381BF1C16DF15005A8626 /* types.h */,
			);
			name = MacOSX;
			sourceTree = "<group>";
		};
		2549CDDF1C1047AF009E8088 /* Data */ = {
			isa = PBXGroup;
			children = (
				2554B3E81C1991AC00823036 /* tinyracecar_0.cpp */,
				2554B3E91C1991AC00823036 /* tinyracecar_0.h */,
				2554B3EA1C1991AC00823036 /* tinyracecar_10.cpp */,
				2554B3EB1C1991AC00823036 /* tinyracecar_10.h */,
				2554B3EC1C1991AC00823036 /* tinyracecar_20.cpp */,
				2554B3ED1C1991AC00823036 /* tinyracecar_20.h */,
				2554B3EE1C1991AC00823036 /* tinyracecar_30.cpp */,
				2554B3EF1C1991AC00823036 /* tinyracecar_30.h */,
				2554B3F01C1991AC00823036 /* tinyracecar_40.cpp */,
				2554B3F11C1991AC00823036 /* tinyracecar_40.h */,
				2554B3F21C1991AC00823036 /* tinyracecar_50.cpp */,
				2554B3F31C1991AC00823036 /* tinyracecar_50.h */,
				2554B3F41C1991AC00823036 /* tinyracecar_60.cpp */,
				2554B3F51C1991AC00823036 /* tinyracecar_60.h */,
				2554B3F61C1991AC00823036 /* tinyracecar_70.cpp */,
				2554B3F71C1991AC00823036 /* tinyracecar_70.h */,
				2554B3F81C1991AC00823036 /* tinyracecar_80.cpp */,
				2554B3F91C1991AC00823036 /* tinyracecar_80.h */,
				25187C3C1C170A9600C568C9 /* testcarbig.cpp */,
				25187C3D1C170A9600C568C9 /* testcarbig.h */,
				254381C01C16DF65005A8626 /* Alldata.h */,
				254381CB1C16DF65005A8626 /* test.cpp */,
				254381CC1C16DF65005A8626 /* test.h */,
				254381CD1C16DF65005A8626 /* test2.cpp */,
				254381CE1C16DF65005A8626 /* test2.h */,
				254381CF1C16DF65005A8626 /* test3.cpp */,
				254381D01C16DF65005A8626 /* test3.h */,
				254381D11C16DF65005A8626 /* testcar.cpp */,
				254381D21C16DF65005A8626 /* testcar.h */,
				254381D31C16DF65005A8626 /* testtrack.cpp */,
				254381D41C16DF65005A8626 /* testtrack.h */,
			);
			name = Data;
			sourceTree = "<group>";
		};
		2549CDE61C1047EC009E8088 /* Engine */ = {
			isa = PBXGroup;
			children = (
				25187C361C16E50E00C568C9 /* Camera.cpp */,
				25187C371C16E50E00C568C9 /* Camera.h */,
				254381E11C16DF9D005A8626 /* BitHelpers.cpp */,
				254381E21C16DF9D005A8626 /* BitHelpers.h */,
				254381E31C16DF9D005A8626 /* FixedPoint.cpp */,
				254381E41C16DF9D005A8626 /* FixedPoint.h */,
				254381E51C16DF9D005A8626 /* fpmath.cpp */,
				254381E61C16DF9D005A8626 /* fpmath.h */,
				254381E71C16DF9D005A8626 /* GameObject.cpp */,
				254381E81C16DF9D005A8626 /* GameObject.h */,
				254381E91C16DF9D005A8626 /* Image.cpp */,
				254381EA1C16DF9D005A8626 /* Image.h */,
				254381EB1C16DF9D005A8626 /* Screen.cpp */,
				254381EC1C16DF9D005A8626 /* Screen.h */,
				254381ED1C16DF9D005A8626 /* sinetable.h */,
				25187C391C16E89700C568C9 /* fp2d.cpp */,
				25187C3A1C16E89700C568C9 /* fp2d.h */,
				25DFC1981C2EF75C00F51F95 /* SpriteRenderer.cpp */,
				25DFC1991C2EF75C00F51F95 /* SpriteRenderer.h */,
				255294091C30422F0086B59A /* Sprite.cpp */,
				2552940A1C30422F0086B59A /* Sprite.h */,
			);
			name = Engine;
			sourceTree = "<group>";
		};
		2549CDEE1C104A84009E8088 /* Abstraction layer */ = {
			isa = PBXGroup;
			children = (
				254381BA1C16DED3005A8626 /* Joypad.cpp */,
				254381BB1C16DED3005A8626 /* Joypad.h */,
			);
			name = "Abstraction layer";
			sourceTree = "<group>";
		};
		25B714C01C08BA9100CE757F = {
			isa = PBXGroup;
			children = (
				25B714CB1C08BA9100CE757F /* TinyRacer */,
				2549CDDF1C1047AF009E8088 /* Data */,
				2549CDE61C1047EC009E8088 /* Engine */,
				2549CDEE1C104A84009E8088 /* Abstraction layer */,
				2549CDDD1C10476A009E8088 /* MacOSX */,
				25B714CA1C08BA9100CE757F /* Products */,
				259F63A81C11976C005BB009 /* SDL2.framework */,
			);
			sourceTree = "<group>";
		};
		25B714CA1C08BA9100CE757F /* Products */ = {
			isa = PBXGroup;
			children = (
				25B714C91C08BA9100CE757F /* TinyArcade */,
			);
			name = Products;
			sourceTree = "<group>";
		};
		25B714CB1C08BA9100CE757F /* TinyRacer */ = {
			isa = PBXGroup;
			children = (
				254381DF1C16DF73005A8626 /* TinyRacer.cpp */,
				25187C331C16E0CA00C568C9 /* TinyRaceCar.cpp */,
				25187C341C16E0CA00C568C9 /* TinyRaceCar.h */,
			);
			name = TinyRacer;
			path = TinyArcade;
			sourceTree = "<group>";
		};
/* End PBXGroup section */

/* Begin PBXNativeTarget section */
		25B714C81C08BA9100CE757F /* TinyArcade */ = {
			isa = PBXNativeTarget;
			buildConfigurationList = 25B714D01C08BA9100CE757F /* Build configuration list for PBXNativeTarget "TinyArcade" */;
			buildPhases = (
				25B714C51C08BA9100CE757F /* Sources */,
				25B714C61C08BA9100CE757F /* Frameworks */,
				25B714C71C08BA9100CE757F /* CopyFiles */,
			);
			buildRules = (
			);
			dependencies = (
			);
			name = TinyArcade;
			productName = TinyArcade;
			productReference = 25B714C91C08BA9100CE757F /* TinyArcade */;
			productType = "com.apple.product-type.tool";
		};
/* End PBXNativeTarget section */

/* Begin PBXProject section */
		25B714C11C08BA9100CE757F /* Project object */ = {
			isa = PBXProject;
			attributes = {
				LastUpgradeCheck = 0700;
				ORGANIZATIONNAME = "Magnus Runesson";
				TargetAttributes = {
					25B714C81C08BA9100CE757F = {
						CreatedOnToolsVersion = 7.0.1;
					};
				};
			};
			buildConfigurationList = 25B714C41C08BA9100CE757F /* Build configuration list for PBXProject "TinyArcade" */;
			compatibilityVersion = "Xcode 3.2";
			developmentRegion = English;
			hasScannedForEncodings = 0;
			knownRegions = (
				en,
			);
			mainGroup = 25B714C01C08BA9100CE757F;
			productRefGroup = 25B714CA1C08BA9100CE757F /* Products */;
			projectDirPath = "";
			projectRoot = "";
			targets = (
				25B714C81C08BA9100CE757F /* TinyArcade */,
			);
		};
/* End PBXProject section */

/* Begin PBXSourcesBuildPhase section */
		25B714C51C08BA9100CE757F /* Sources */ = {
			isa = PBXSourcesBuildPhase;
			buildActionMask = 2147483647;
			files = (
				254381E01C16DF73005A8626 /* TinyRacer.cpp in Sources */,
				254381F11C16DF9D005A8626 /* GameObject.cpp in Sources */,
				2554B3FE1C1991AC00823036 /* tinyracecar_40.cpp in Sources */,
				2552940B1C30422F0086B59A /* Sprite.cpp in Sources */,
				254381DA1C16DF65005A8626 /* test.cpp in Sources */,
				2554B4001C1991AC00823036 /* tinyracecar_60.cpp in Sources */,
				2554B3FA1C1991AC00823036 /* tinyracecar_0.cpp in Sources */,
				2554B3FB1C1991AC00823036 /* tinyracecar_10.cpp in Sources */,
				254381DD1C16DF65005A8626 /* testcar.cpp in Sources */,
				25187C3B1C16E89700C568C9 /* fp2d.cpp in Sources */,
				2554B3FD1C1991AC00823036 /* tinyracecar_30.cpp in Sources */,
				254381DE1C16DF65005A8626 /* testtrack.cpp in Sources */,
				254381BC1C16DED3005A8626 /* Joypad.cpp in Sources */,
				254381BE1C16DEDD005A8626 /* main.cpp in Sources */,
				25DFC19A1C2EF75C00F51F95 /* SpriteRenderer.cpp in Sources */,
				254381F31C16DF9D005A8626 /* Screen.cpp in Sources */,
				25187C351C16E0CA00C568C9 /* TinyRaceCar.cpp in Sources */,
				2554B3FC1C1991AC00823036 /* tinyracecar_20.cpp in Sources */,
				25187C3E1C170A9600C568C9 /* testcarbig.cpp in Sources */,
				254381F01C16DF9D005A8626 /* fpmath.cpp in Sources */,
				254381EF1C16DF9D005A8626 /* FixedPoint.cpp in Sources */,
				25187C381C16E50E00C568C9 /* Camera.cpp in Sources */,
				2554B3FF1C1991AC00823036 /* tinyracecar_50.cpp in Sources */,
				2554B4011C1991AC00823036 /* tinyracecar_70.cpp in Sources */,
				254381DC1C16DF65005A8626 /* test3.cpp in Sources */,
				254381F21C16DF9D005A8626 /* Image.cpp in Sources */,
				254381DB1C16DF65005A8626 /* test2.cpp in Sources */,
				254381EE1C16DF9D005A8626 /* BitHelpers.cpp in Sources */,
				2554B4021C1991AC00823036 /* tinyracecar_80.cpp in Sources */,
			);
			runOnlyForDeploymentPostprocessing = 0;
		};
/* End PBXSourcesBuildPhase section */

/* Begin XCBuildConfiguration section */
		25B714CE1C08BA9100CE757F /* Debug */ = {
			isa = XCBuildConfiguration;
			buildSettings = {
				ALWAYS_SEARCH_USER_PATHS = NO;
				CLANG_CXX_LANGUAGE_STANDARD = "gnu++0x";
				CLANG_CXX_LIBRARY = "libc++";
				CLANG_ENABLE_MODULES = YES;
				CLANG_ENABLE_OBJC_ARC = YES;
				CLANG_WARN_BOOL_CONVERSION = YES;
				CLANG_WARN_CONSTANT_CONVERSION = YES;
				CLANG_WARN_DIRECT_OBJC_ISA_USAGE = YES_ERROR;
				CLANG_WARN_EMPTY_BODY = YES;
				CLANG_WARN_ENUM_CONVERSION = YES;
				CLANG_WARN_INT_CONVERSION = YES;
				CLANG_WARN_OBJC_ROOT_CLASS = YES_ERROR;
				CLANG_WARN_UNREACHABLE_CODE = YES;
				CLANG_WARN__DUPLICATE_METHOD_MATCH = YES;
				COPY_PHASE_STRIP = NO;
				DEBUG_INFORMATION_FORMAT = dwarf;
				ENABLE_STRICT_OBJC_MSGSEND = YES;
				ENABLE_TESTABILITY = YES;
				GCC_C_LANGUAGE_STANDARD = gnu99;
				GCC_DYNAMIC_NO_PIC = NO;
				GCC_NO_COMMON_BLOCKS = YES;
				GCC_OPTIMIZATION_LEVEL = 0;
				GCC_PREPROCESSOR_DEFINITIONS = (
					"DEBUG=1",
					"$(inherited)",
				);
				GCC_WARN_64_TO_32_BIT_CONVERSION = YES;
				GCC_WARN_ABOUT_RETURN_TYPE = YES_ERROR;
				GCC_WARN_UNDECLARED_SELECTOR = YES;
				GCC_WARN_UNINITIALIZED_AUTOS = YES_AGGRESSIVE;
				GCC_WARN_UNUSED_FUNCTION = YES;
				GCC_WARN_UNUSED_VARIABLE = YES;
				MACOSX_DEPLOYMENT_TARGET = 10.10;
				MTL_ENABLE_DEBUG_INFO = YES;
				ONLY_ACTIVE_ARCH = YES;
				SDKROOT = macosx;
			};
			name = Debug;
		};
		25B714CF1C08BA9100CE757F /* Release */ = {
			isa = XCBuildConfiguration;
			buildSettings = {
				ALWAYS_SEARCH_USER_PATHS = NO;
				CLANG_CXX_LANGUAGE_STANDARD = "gnu++0x";
				CLANG_CXX_LIBRARY = "libc++";
				CLANG_ENABLE_MODULES = YES;
				CLANG_ENABLE_OBJC_ARC = YES;
				CLANG_WARN_BOOL_CONVERSION = YES;
				CLANG_WARN_CONSTANT_CONVERSION = YES;
				CLANG_WARN_DIRECT_OBJC_ISA_USAGE = YES_ERROR;
				CLANG_WARN_EMPTY_BODY = YES;
				CLANG_WARN_ENUM_CONVERSION = YES;
				CLANG_WARN_INT_CONVERSION = YES;
				CLANG_WARN_OBJC_ROOT_CLASS = YES_ERROR;
				CLANG_WARN_UNREACHABLE_CODE = YES;
				CLANG_WARN__DUPLICATE_METHOD_MATCH = YES;
				COPY_PHASE_STRIP = NO;
				DEBUG_INFORMATION_FORMAT = "dwarf-with-dsym";
				ENABLE_NS_ASSERTIONS = NO;
				ENABLE_STRICT_OBJC_MSGSEND = YES;
				GCC_C_LANGUAGE_STANDARD = gnu99;
				GCC_NO_COMMON_BLOCKS = YES;
				GCC_WARN_64_TO_32_BIT_CONVERSION = YES;
				GCC_WARN_ABOUT_RETURN_TYPE = YES_ERROR;
				GCC_WARN_UNDECLARED_SELECTOR = YES;
				GCC_WARN_UNINITIALIZED_AUTOS = YES_AGGRESSIVE;
				GCC_WARN_UNUSED_FUNCTION = YES;
				GCC_WARN_UNUSED_VARIABLE = YES;
				MACOSX_DEPLOYMENT_TARGET = 10.10;
				MTL_ENABLE_DEBUG_INFO = NO;
				SDKROOT = macosx;
			};
			name = Release;
		};
		25B714D11C08BA9100CE757F /* Debug */ = {
			isa = XCBuildConfiguration;
			buildSettings = {
				FRAMEWORK_SEARCH_PATHS = (
					"$(inherited)",
					"$(LOCAL_LIBRARY_DIR)/Frameworks",
				);
				PRODUCT_NAME = "$(TARGET_NAME)";
			};
			name = Debug;
		};
		25B714D21C08BA9100CE757F /* Release */ = {
			isa = XCBuildConfiguration;
			buildSettings = {
				FRAMEWORK_SEARCH_PATHS = (
					"$(inherited)",
					"$(LOCAL_LIBRARY_DIR)/Frameworks",
				);
				PRODUCT_NAME = "$(TARGET_NAME)";
			};
			name = Release;
		};
/* End XCBuildConfiguration section */

/* Begin XCConfigurationList section */
		25B714C41C08BA9100CE757F /* Build configuration list for PBXProject "TinyArcade" */ = {
			isa = XCConfigurationList;
			buildConfigurations = (
				25B714CE1C08BA9100CE757F /* Debug */,
				25B714CF1C08BA9100CE757F /* Release */,
			);
			defaultConfigurationIsVisible = 0;
			defaultConfigurationName = Release;
		};
		25B714D01C08BA9100CE757F /* Build configuration list for PBXNativeTarget "TinyArcade" */ = {
			isa = XCConfigurationList;
			buildConfigurations = (
				25B714D11C08BA9100CE757F /* Debug */,
				25B714D21C08BA9100CE757F /* Release */,
			);
			defaultConfigurationIsVisible = 0;
			defaultConfigurationName = Release;
		};
/* End XCConfigurationList section */
	};
	rootObject = 25B714C11C08BA9100CE757F /* Project object */;
}
