// !$*UTF8*$!
{
	archiveVersion = 1;
	classes = {
	};
	objectVersion = 46;
	objects = {

/* Begin PBXBuildFile section */
		250DA1861C4A7FE300C664DA /* Joypad.cpp in Sources */ = {isa = PBXBuildFile; fileRef = 250DA1841C4A7FE300C664DA /* Joypad.cpp */; settings = {ASSET_TAGS = (); }; };
		250DA18A1C4A7FF200C664DA /* main.cpp in Sources */ = {isa = PBXBuildFile; fileRef = 250DA1881C4A7FF200C664DA /* main.cpp */; settings = {ASSET_TAGS = (); }; };
		250DA1971C4A813500C664DA /* SDL2.framework in Frameworks */ = {isa = PBXBuildFile; fileRef = 250DA1961C4A813500C664DA /* SDL2.framework */; settings = {ASSET_TAGS = (); }; };
		250DA1991C4A81D600C664DA /* TinyShooter.cpp in Sources */ = {isa = PBXBuildFile; fileRef = 250DA1981C4A81D600C664DA /* TinyShooter.cpp */; settings = {ASSET_TAGS = (); }; };
		250DA19C1C4A852200C664DA /* Timer.cpp in Sources */ = {isa = PBXBuildFile; fileRef = 250DA19A1C4A852200C664DA /* Timer.cpp */; settings = {ASSET_TAGS = (); }; };
		251488A11C53912E00B44DE3 /* AudioData.cpp in Sources */ = {isa = PBXBuildFile; fileRef = 251488761C53912E00B44DE3 /* AudioData.cpp */; settings = {ASSET_TAGS = (); }; };
		251488A21C53912E00B44DE3 /* AudioMixer.cpp in Sources */ = {isa = PBXBuildFile; fileRef = 251488781C53912E00B44DE3 /* AudioMixer.cpp */; settings = {ASSET_TAGS = (); }; };
		251488A31C53912E00B44DE3 /* AudioSource.cpp in Sources */ = {isa = PBXBuildFile; fileRef = 2514887A1C53912E00B44DE3 /* AudioSource.cpp */; settings = {ASSET_TAGS = (); }; };
		251488A41C53912E00B44DE3 /* BitHelpers.cpp in Sources */ = {isa = PBXBuildFile; fileRef = 2514887C1C53912E00B44DE3 /* BitHelpers.cpp */; settings = {ASSET_TAGS = (); }; };
		251488A51C53912E00B44DE3 /* Animation.cpp in Sources */ = {isa = PBXBuildFile; fileRef = 2514887F1C53912E00B44DE3 /* Animation.cpp */; settings = {ASSET_TAGS = (); }; };
		251488A61C53912E00B44DE3 /* Image.cpp in Sources */ = {isa = PBXBuildFile; fileRef = 251488811C53912E00B44DE3 /* Image.cpp */; settings = {ASSET_TAGS = (); }; };
		251488A71C53912E00B44DE3 /* Screen.cpp in Sources */ = {isa = PBXBuildFile; fileRef = 251488831C53912E00B44DE3 /* Screen.cpp */; settings = {ASSET_TAGS = (); }; };
		251488A81C53912E00B44DE3 /* Sprite.cpp in Sources */ = {isa = PBXBuildFile; fileRef = 251488851C53912E00B44DE3 /* Sprite.cpp */; settings = {ASSET_TAGS = (); }; };
		251488A91C53912E00B44DE3 /* SpriteRenderer.cpp in Sources */ = {isa = PBXBuildFile; fileRef = 251488871C53912E00B44DE3 /* SpriteRenderer.cpp */; settings = {ASSET_TAGS = (); }; };
		251488AA1C53912E00B44DE3 /* TileBank.cpp in Sources */ = {isa = PBXBuildFile; fileRef = 251488891C53912E00B44DE3 /* TileBank.cpp */; settings = {ASSET_TAGS = (); }; };
		251488AB1C53912E00B44DE3 /* TileMap.cpp in Sources */ = {isa = PBXBuildFile; fileRef = 2514888B1C53912E00B44DE3 /* TileMap.cpp */; settings = {ASSET_TAGS = (); }; };
		251488AC1C53912E00B44DE3 /* FixedPoint.cpp in Sources */ = {isa = PBXBuildFile; fileRef = 2514888E1C53912E00B44DE3 /* FixedPoint.cpp */; settings = {ASSET_TAGS = (); }; };
		251488AD1C53912E00B44DE3 /* fp2d.cpp in Sources */ = {isa = PBXBuildFile; fileRef = 251488901C53912E00B44DE3 /* fp2d.cpp */; settings = {ASSET_TAGS = (); }; };
		251488AE1C53912E00B44DE3 /* fpmath.cpp in Sources */ = {isa = PBXBuildFile; fileRef = 251488921C53912E00B44DE3 /* fpmath.cpp */; settings = {ASSET_TAGS = (); }; };
		251488B01C53912E00B44DE3 /* Camera.cpp in Sources */ = {isa = PBXBuildFile; fileRef = 251488991C53912E00B44DE3 /* Camera.cpp */; settings = {ASSET_TAGS = (); }; };
		251488B11C53912E00B44DE3 /* GameObject.cpp in Sources */ = {isa = PBXBuildFile; fileRef = 2514889B1C53912E00B44DE3 /* GameObject.cpp */; settings = {ASSET_TAGS = (); }; };
		251488B21C53912E00B44DE3 /* GameObjectManager.cpp in Sources */ = {isa = PBXBuildFile; fileRef = 2514889D1C53912E00B44DE3 /* GameObjectManager.cpp */; settings = {ASSET_TAGS = (); }; };
		251488B31C53912E00B44DE3 /* GameObjectTemplate.cpp in Sources */ = {isa = PBXBuildFile; fileRef = 2514889F1C53912E00B44DE3 /* GameObjectTemplate.cpp */; settings = {ASSET_TAGS = (); }; };
		251488B61C53915500B44DE3 /* audiosamples_pew_s8b_pcm_11025hz.cpp in Sources */ = {isa = PBXBuildFile; fileRef = 251488B41C53915500B44DE3 /* audiosamples_pew_s8b_pcm_11025hz.cpp */; settings = {ASSET_TAGS = (); }; };
		25505C251C5392A50064434D /* TileRenderer.cpp in Sources */ = {isa = PBXBuildFile; fileRef = 25505C231C5392A50064434D /* TileRenderer.cpp */; settings = {ASSET_TAGS = (); }; };
		255853B41C536A3000E1A79A /* sprite_explosion_big_00.cpp in Sources */ = {isa = PBXBuildFile; fileRef = 2558537F1C536A3000E1A79A /* sprite_explosion_big_00.cpp */; settings = {ASSET_TAGS = (); }; };
		255853B51C536A3000E1A79A /* sprite_explosion_big_01.cpp in Sources */ = {isa = PBXBuildFile; fileRef = 255853811C536A3000E1A79A /* sprite_explosion_big_01.cpp */; settings = {ASSET_TAGS = (); }; };
		255853B61C536A3000E1A79A /* sprite_explosion_big_02.cpp in Sources */ = {isa = PBXBuildFile; fileRef = 255853831C536A3000E1A79A /* sprite_explosion_big_02.cpp */; settings = {ASSET_TAGS = (); }; };
		255853B71C536A3000E1A79A /* sprite_explosion_big_03.cpp in Sources */ = {isa = PBXBuildFile; fileRef = 255853851C536A3000E1A79A /* sprite_explosion_big_03.cpp */; settings = {ASSET_TAGS = (); }; };
		255853B81C536A3000E1A79A /* sprite_explosion_big_04.cpp in Sources */ = {isa = PBXBuildFile; fileRef = 255853871C536A3000E1A79A /* sprite_explosion_big_04.cpp */; settings = {ASSET_TAGS = (); }; };
		255853B91C536A3000E1A79A /* sprite_explosion_big_05.cpp in Sources */ = {isa = PBXBuildFile; fileRef = 255853891C536A3000E1A79A /* sprite_explosion_big_05.cpp */; settings = {ASSET_TAGS = (); }; };
		255853BA1C536A3000E1A79A /* sprite_logo_shooter_e.cpp in Sources */ = {isa = PBXBuildFile; fileRef = 2558538B1C536A3000E1A79A /* sprite_logo_shooter_e.cpp */; settings = {ASSET_TAGS = (); }; };
		255853BB1C536A3000E1A79A /* sprite_logo_shooter_h.cpp in Sources */ = {isa = PBXBuildFile; fileRef = 2558538D1C536A3000E1A79A /* sprite_logo_shooter_h.cpp */; settings = {ASSET_TAGS = (); }; };
		255853BC1C536A3000E1A79A /* sprite_logo_shooter_o.cpp in Sources */ = {isa = PBXBuildFile; fileRef = 2558538F1C536A3000E1A79A /* sprite_logo_shooter_o.cpp */; settings = {ASSET_TAGS = (); }; };
		255853BD1C536A3000E1A79A /* sprite_logo_shooter_r.cpp in Sources */ = {isa = PBXBuildFile; fileRef = 255853911C536A3000E1A79A /* sprite_logo_shooter_r.cpp */; settings = {ASSET_TAGS = (); }; };
		255853BE1C536A3000E1A79A /* sprite_logo_shooter_s.cpp in Sources */ = {isa = PBXBuildFile; fileRef = 255853931C536A3000E1A79A /* sprite_logo_shooter_s.cpp */; settings = {ASSET_TAGS = (); }; };
		255853BF1C536A3000E1A79A /* sprite_logo_shooter_t.cpp in Sources */ = {isa = PBXBuildFile; fileRef = 255853951C536A3000E1A79A /* sprite_logo_shooter_t.cpp */; settings = {ASSET_TAGS = (); }; };
		255853C01C536A3000E1A79A /* sprite_logo_tiny_i.cpp in Sources */ = {isa = PBXBuildFile; fileRef = 255853971C536A3000E1A79A /* sprite_logo_tiny_i.cpp */; settings = {ASSET_TAGS = (); }; };
		255853C11C536A3000E1A79A /* sprite_logo_tiny_n.cpp in Sources */ = {isa = PBXBuildFile; fileRef = 255853991C536A3000E1A79A /* sprite_logo_tiny_n.cpp */; settings = {ASSET_TAGS = (); }; };
		255853C21C536A3000E1A79A /* sprite_logo_tiny_t.cpp in Sources */ = {isa = PBXBuildFile; fileRef = 2558539B1C536A3000E1A79A /* sprite_logo_tiny_t.cpp */; settings = {ASSET_TAGS = (); }; };
		255853C31C536A3000E1A79A /* sprite_logo_tiny_y.cpp in Sources */ = {isa = PBXBuildFile; fileRef = 2558539D1C536A3000E1A79A /* sprite_logo_tiny_y.cpp */; settings = {ASSET_TAGS = (); }; };
		255853C41C536A3000E1A79A /* sprite_pb_01.cpp in Sources */ = {isa = PBXBuildFile; fileRef = 2558539F1C536A3000E1A79A /* sprite_pb_01.cpp */; settings = {ASSET_TAGS = (); }; };
		255853C51C536A3000E1A79A /* sprite_pickup_00.cpp in Sources */ = {isa = PBXBuildFile; fileRef = 255853A11C536A3000E1A79A /* sprite_pickup_00.cpp */; settings = {ASSET_TAGS = (); }; };
		255853C61C536A3000E1A79A /* sprite_pickup_01.cpp in Sources */ = {isa = PBXBuildFile; fileRef = 255853A31C536A3000E1A79A /* sprite_pickup_01.cpp */; settings = {ASSET_TAGS = (); }; };
		255853C71C536A3000E1A79A /* sprite_pickup_02.cpp in Sources */ = {isa = PBXBuildFile; fileRef = 255853A51C536A3000E1A79A /* sprite_pickup_02.cpp */; settings = {ASSET_TAGS = (); }; };
		255853C81C536A3000E1A79A /* sprite_pickup_03.cpp in Sources */ = {isa = PBXBuildFile; fileRef = 255853A71C536A3000E1A79A /* sprite_pickup_03.cpp */; settings = {ASSET_TAGS = (); }; };
		255853C91C536A3000E1A79A /* sprite_player.cpp in Sources */ = {isa = PBXBuildFile; fileRef = 255853A91C536A3000E1A79A /* sprite_player.cpp */; settings = {ASSET_TAGS = (); }; };
		255853CA1C536A3000E1A79A /* sprite_spacebase_boss_door.cpp in Sources */ = {isa = PBXBuildFile; fileRef = 255853AB1C536A3000E1A79A /* sprite_spacebase_boss_door.cpp */; settings = {ASSET_TAGS = (); }; };
		255853CB1C536A3000E1A79A /* tilebank_spacebase.cpp in Sources */ = {isa = PBXBuildFile; fileRef = 255853AD1C536A3000E1A79A /* tilebank_spacebase.cpp */; settings = {ASSET_TAGS = (); }; };
		255853CC1C536A3000E1A79A /* tilemap_spacebase_background.cpp in Sources */ = {isa = PBXBuildFile; fileRef = 255853AF1C536A3000E1A79A /* tilemap_spacebase_background.cpp */; settings = {ASSET_TAGS = (); }; };
		255853CD1C536A3000E1A79A /* tilemap_spacebase.cpp in Sources */ = {isa = PBXBuildFile; fileRef = 255853B11C536A3000E1A79A /* tilemap_spacebase.cpp */; settings = {ASSET_TAGS = (); }; };
		255853D31C536A5400E1A79A /* animation_explosion_big.cpp in Sources */ = {isa = PBXBuildFile; fileRef = 255853CF1C536A5400E1A79A /* animation_explosion_big.cpp */; settings = {ASSET_TAGS = (); }; };
		255853D41C536A5400E1A79A /* animation_pickup.cpp in Sources */ = {isa = PBXBuildFile; fileRef = 255853D11C536A5400E1A79A /* animation_pickup.cpp */; settings = {ASSET_TAGS = (); }; };
		255853D71C536A6100E1A79A /* ContextIngame.cpp in Sources */ = {isa = PBXBuildFile; fileRef = 255853D51C536A6100E1A79A /* ContextIngame.cpp */; settings = {ASSET_TAGS = (); }; };
		258062C91C536C3A0027C16F /* AudioHandler.cpp in Sources */ = {isa = PBXBuildFile; fileRef = 258062C71C536C3A0027C16F /* AudioHandler.cpp */; settings = {ASSET_TAGS = (); }; };
/* End PBXBuildFile section */

/* Begin PBXCopyFilesBuildPhase section */
		250DA1481C4A7F7E00C664DA /* CopyFiles */ = {
			isa = PBXCopyFilesBuildPhase;
			buildActionMask = 2147483647;
			dstPath = /usr/share/man/man1/;
			dstSubfolderSpec = 0;
			files = (
			);
			runOnlyForDeploymentPostprocessing = 1;
		};
/* End PBXCopyFilesBuildPhase section */

/* Begin PBXFileReference section */
		250DA14A1C4A7F7E00C664DA /* TinyShooter */ = {isa = PBXFileReference; explicitFileType = "compiled.mach-o.executable"; includeInIndex = 0; path = TinyShooter; sourceTree = BUILT_PRODUCTS_DIR; };
		250DA1841C4A7FE300C664DA /* Joypad.cpp */ = {isa = PBXFileReference; fileEncoding = 4; lastKnownFileType = sourcecode.cpp.cpp; name = Joypad.cpp; path = "../../../TAGE/Abstraction layer/Joypad.cpp"; sourceTree = "<group>"; };
		250DA1851C4A7FE300C664DA /* Joypad.h */ = {isa = PBXFileReference; fileEncoding = 4; lastKnownFileType = sourcecode.c.h; name = Joypad.h; path = "../../../TAGE/Abstraction layer/Joypad.h"; sourceTree = "<group>"; };
		250DA1881C4A7FF200C664DA /* main.cpp */ = {isa = PBXFileReference; fileEncoding = 4; lastKnownFileType = sourcecode.cpp.cpp; name = main.cpp; path = ../../../TAGE/MacOSX/main.cpp; sourceTree = "<group>"; };
		250DA1891C4A7FF200C664DA /* types.h */ = {isa = PBXFileReference; fileEncoding = 4; lastKnownFileType = sourcecode.c.h; name = types.h; path = ../../../TAGE/MacOSX/types.h; sourceTree = "<group>"; };
		250DA1961C4A813500C664DA /* SDL2.framework */ = {isa = PBXFileReference; lastKnownFileType = wrapper.framework; name = SDL2.framework; path = /Library/Frameworks/SDL2.framework; sourceTree = "<group>"; };
		250DA1981C4A81D600C664DA /* TinyShooter.cpp */ = {isa = PBXFileReference; fileEncoding = 4; lastKnownFileType = sourcecode.cpp.cpp; name = TinyShooter.cpp; path = ../../TinyShooter.cpp; sourceTree = "<group>"; };
		250DA19A1C4A852200C664DA /* Timer.cpp */ = {isa = PBXFileReference; fileEncoding = 4; lastKnownFileType = sourcecode.cpp.cpp; name = Timer.cpp; path = "../../../TAGE/Abstraction layer/Timer.cpp"; sourceTree = "<group>"; };
		250DA19B1C4A852200C664DA /* Timer.h */ = {isa = PBXFileReference; fileEncoding = 4; lastKnownFileType = sourcecode.c.h; name = Timer.h; path = "../../../TAGE/Abstraction layer/Timer.h"; sourceTree = "<group>"; };
		250DA1A41C4A883100C664DA /* Arduino.h */ = {isa = PBXFileReference; lastKnownFileType = sourcecode.c.h; name = Arduino.h; path = "../../../TAGE/Abstraction layer/Arduino/Arduino.h"; sourceTree = "<group>"; };
		250DA1A51C4A883100C664DA /* pins_arduino.h */ = {isa = PBXFileReference; lastKnownFileType = sourcecode.c.h; name = pins_arduino.h; path = "../../../TAGE/Abstraction layer/Arduino/pins_arduino.h"; sourceTree = "<group>"; };
		250DA1A61C4A883100C664DA /* SPI.h */ = {isa = PBXFileReference; lastKnownFileType = sourcecode.c.h; name = SPI.h; path = "../../../TAGE/Abstraction layer/Arduino/SPI.h"; sourceTree = "<group>"; };
		250DA1A71C4A883100C664DA /* Wire.h */ = {isa = PBXFileReference; lastKnownFileType = sourcecode.c.h; name = Wire.h; path = "../../../TAGE/Abstraction layer/Arduino/Wire.h"; sourceTree = "<group>"; };
		250DA1A81C4A883100C664DA /* wiring_private.h */ = {isa = PBXFileReference; lastKnownFileType = sourcecode.c.h; name = wiring_private.h; path = "../../../TAGE/Abstraction layer/Arduino/wiring_private.h"; sourceTree = "<group>"; };
		251488761C53912E00B44DE3 /* AudioData.cpp */ = {isa = PBXFileReference; fileEncoding = 4; lastKnownFileType = sourcecode.cpp.cpp; path = AudioData.cpp; sourceTree = "<group>"; };
		251488771C53912E00B44DE3 /* AudioData.h */ = {isa = PBXFileReference; fileEncoding = 4; lastKnownFileType = sourcecode.c.h; path = AudioData.h; sourceTree = "<group>"; };
		251488781C53912E00B44DE3 /* AudioMixer.cpp */ = {isa = PBXFileReference; fileEncoding = 4; lastKnownFileType = sourcecode.cpp.cpp; path = AudioMixer.cpp; sourceTree = "<group>"; };
		251488791C53912E00B44DE3 /* AudioMixer.h */ = {isa = PBXFileReference; fileEncoding = 4; lastKnownFileType = sourcecode.c.h; path = AudioMixer.h; sourceTree = "<group>"; };
		2514887A1C53912E00B44DE3 /* AudioSource.cpp */ = {isa = PBXFileReference; fileEncoding = 4; lastKnownFileType = sourcecode.cpp.cpp; path = AudioSource.cpp; sourceTree = "<group>"; };
		2514887B1C53912E00B44DE3 /* AudioSource.h */ = {isa = PBXFileReference; fileEncoding = 4; lastKnownFileType = sourcecode.c.h; path = AudioSource.h; sourceTree = "<group>"; };
		2514887C1C53912E00B44DE3 /* BitHelpers.cpp */ = {isa = PBXFileReference; fileEncoding = 4; lastKnownFileType = sourcecode.cpp.cpp; name = BitHelpers.cpp; path = ../../../TAGE/Engine/BitHelpers.cpp; sourceTree = "<group>"; };
		2514887D1C53912E00B44DE3 /* BitHelpers.h */ = {isa = PBXFileReference; fileEncoding = 4; lastKnownFileType = sourcecode.c.h; name = BitHelpers.h; path = ../../../TAGE/Engine/BitHelpers.h; sourceTree = "<group>"; };
		2514887F1C53912E00B44DE3 /* Animation.cpp */ = {isa = PBXFileReference; fileEncoding = 4; lastKnownFileType = sourcecode.cpp.cpp; path = Animation.cpp; sourceTree = "<group>"; };
		251488801C53912E00B44DE3 /* Animation.h */ = {isa = PBXFileReference; fileEncoding = 4; lastKnownFileType = sourcecode.c.h; path = Animation.h; sourceTree = "<group>"; };
		251488811C53912E00B44DE3 /* Image.cpp */ = {isa = PBXFileReference; fileEncoding = 4; lastKnownFileType = sourcecode.cpp.cpp; path = Image.cpp; sourceTree = "<group>"; };
		251488821C53912E00B44DE3 /* Image.h */ = {isa = PBXFileReference; fileEncoding = 4; lastKnownFileType = sourcecode.c.h; path = Image.h; sourceTree = "<group>"; };
		251488831C53912E00B44DE3 /* Screen.cpp */ = {isa = PBXFileReference; fileEncoding = 4; lastKnownFileType = sourcecode.cpp.cpp; path = Screen.cpp; sourceTree = "<group>"; };
		251488841C53912E00B44DE3 /* Screen.h */ = {isa = PBXFileReference; fileEncoding = 4; lastKnownFileType = sourcecode.c.h; path = Screen.h; sourceTree = "<group>"; };
		251488851C53912E00B44DE3 /* Sprite.cpp */ = {isa = PBXFileReference; fileEncoding = 4; lastKnownFileType = sourcecode.cpp.cpp; path = Sprite.cpp; sourceTree = "<group>"; };
		251488861C53912E00B44DE3 /* Sprite.h */ = {isa = PBXFileReference; fileEncoding = 4; lastKnownFileType = sourcecode.c.h; path = Sprite.h; sourceTree = "<group>"; };
		251488871C53912E00B44DE3 /* SpriteRenderer.cpp */ = {isa = PBXFileReference; fileEncoding = 4; lastKnownFileType = sourcecode.cpp.cpp; path = SpriteRenderer.cpp; sourceTree = "<group>"; };
		251488881C53912E00B44DE3 /* SpriteRenderer.h */ = {isa = PBXFileReference; fileEncoding = 4; lastKnownFileType = sourcecode.c.h; path = SpriteRenderer.h; sourceTree = "<group>"; };
		251488891C53912E00B44DE3 /* TileBank.cpp */ = {isa = PBXFileReference; fileEncoding = 4; lastKnownFileType = sourcecode.cpp.cpp; path = TileBank.cpp; sourceTree = "<group>"; };
		2514888A1C53912E00B44DE3 /* TileBank.h */ = {isa = PBXFileReference; fileEncoding = 4; lastKnownFileType = sourcecode.c.h; path = TileBank.h; sourceTree = "<group>"; };
		2514888B1C53912E00B44DE3 /* TileMap.cpp */ = {isa = PBXFileReference; fileEncoding = 4; lastKnownFileType = sourcecode.cpp.cpp; path = TileMap.cpp; sourceTree = "<group>"; };
		2514888C1C53912E00B44DE3 /* TileMap.h */ = {isa = PBXFileReference; fileEncoding = 4; lastKnownFileType = sourcecode.c.h; path = TileMap.h; sourceTree = "<group>"; };
		2514888E1C53912E00B44DE3 /* FixedPoint.cpp */ = {isa = PBXFileReference; fileEncoding = 4; lastKnownFileType = sourcecode.cpp.cpp; path = FixedPoint.cpp; sourceTree = "<group>"; };
		2514888F1C53912E00B44DE3 /* FixedPoint.h */ = {isa = PBXFileReference; fileEncoding = 4; lastKnownFileType = sourcecode.c.h; path = FixedPoint.h; sourceTree = "<group>"; };
		251488901C53912E00B44DE3 /* fp2d.cpp */ = {isa = PBXFileReference; fileEncoding = 4; lastKnownFileType = sourcecode.cpp.cpp; path = fp2d.cpp; sourceTree = "<group>"; };
		251488911C53912E00B44DE3 /* fp2d.h */ = {isa = PBXFileReference; fileEncoding = 4; lastKnownFileType = sourcecode.c.h; path = fp2d.h; sourceTree = "<group>"; };
		251488921C53912E00B44DE3 /* fpmath.cpp */ = {isa = PBXFileReference; fileEncoding = 4; lastKnownFileType = sourcecode.cpp.cpp; path = fpmath.cpp; sourceTree = "<group>"; };
		251488931C53912E00B44DE3 /* fpmath.h */ = {isa = PBXFileReference; fileEncoding = 4; lastKnownFileType = sourcecode.c.h; path = fpmath.h; sourceTree = "<group>"; };
		251488941C53912E00B44DE3 /* sinetable.h */ = {isa = PBXFileReference; fileEncoding = 4; lastKnownFileType = sourcecode.c.h; path = sinetable.h; sourceTree = "<group>"; };
		251488991C53912E00B44DE3 /* Camera.cpp */ = {isa = PBXFileReference; fileEncoding = 4; lastKnownFileType = sourcecode.cpp.cpp; path = Camera.cpp; sourceTree = "<group>"; };
		2514889A1C53912E00B44DE3 /* Camera.h */ = {isa = PBXFileReference; fileEncoding = 4; lastKnownFileType = sourcecode.c.h; path = Camera.h; sourceTree = "<group>"; };
		2514889B1C53912E00B44DE3 /* GameObject.cpp */ = {isa = PBXFileReference; fileEncoding = 4; lastKnownFileType = sourcecode.cpp.cpp; path = GameObject.cpp; sourceTree = "<group>"; };
		2514889C1C53912E00B44DE3 /* GameObject.h */ = {isa = PBXFileReference; fileEncoding = 4; lastKnownFileType = sourcecode.c.h; path = GameObject.h; sourceTree = "<group>"; };
		2514889D1C53912E00B44DE3 /* GameObjectManager.cpp */ = {isa = PBXFileReference; fileEncoding = 4; lastKnownFileType = sourcecode.cpp.cpp; path = GameObjectManager.cpp; sourceTree = "<group>"; };
		2514889E1C53912E00B44DE3 /* GameObjectManager.h */ = {isa = PBXFileReference; fileEncoding = 4; lastKnownFileType = sourcecode.c.h; path = GameObjectManager.h; sourceTree = "<group>"; };
		2514889F1C53912E00B44DE3 /* GameObjectTemplate.cpp */ = {isa = PBXFileReference; fileEncoding = 4; lastKnownFileType = sourcecode.cpp.cpp; path = GameObjectTemplate.cpp; sourceTree = "<group>"; };
		251488A01C53912E00B44DE3 /* GameObjectTemplate.h */ = {isa = PBXFileReference; fileEncoding = 4; lastKnownFileType = sourcecode.c.h; path = GameObjectTemplate.h; sourceTree = "<group>"; };
		251488B41C53915500B44DE3 /* audiosamples_pew_s8b_pcm_11025hz.cpp */ = {isa = PBXFileReference; fileEncoding = 4; lastKnownFileType = sourcecode.cpp.cpp; name = audiosamples_pew_s8b_pcm_11025hz.cpp; path = ../data/audiosamples_pew_s8b_pcm_11025hz.cpp; sourceTree = "<group>"; };
		251488B51C53915500B44DE3 /* audiosamples_pew_s8b_pcm_11025hz.h */ = {isa = PBXFileReference; fileEncoding = 4; lastKnownFileType = sourcecode.c.h; name = audiosamples_pew_s8b_pcm_11025hz.h; path = ../data/audiosamples_pew_s8b_pcm_11025hz.h; sourceTree = "<group>"; };
		25505C231C5392A50064434D /* TileRenderer.cpp */ = {isa = PBXFileReference; fileEncoding = 4; lastKnownFileType = sourcecode.cpp.cpp; path = TileRenderer.cpp; sourceTree = "<group>"; };
		25505C241C5392A50064434D /* TileRenderer.h */ = {isa = PBXFileReference; fileEncoding = 4; lastKnownFileType = sourcecode.c.h; path = TileRenderer.h; sourceTree = "<group>"; };
		2558537C1C536A3000E1A79A /* alldata.h */ = {isa = PBXFileReference; fileEncoding = 4; lastKnownFileType = sourcecode.c.h; name = alldata.h; path = ../data/alldata.h; sourceTree = "<group>"; };
		2558537F1C536A3000E1A79A /* sprite_explosion_big_00.cpp */ = {isa = PBXFileReference; fileEncoding = 4; lastKnownFileType = sourcecode.cpp.cpp; name = sprite_explosion_big_00.cpp; path = ../data/sprite_explosion_big_00.cpp; sourceTree = "<group>"; };
		255853801C536A3000E1A79A /* sprite_explosion_big_00.h */ = {isa = PBXFileReference; fileEncoding = 4; lastKnownFileType = sourcecode.c.h; name = sprite_explosion_big_00.h; path = ../data/sprite_explosion_big_00.h; sourceTree = "<group>"; };
		255853811C536A3000E1A79A /* sprite_explosion_big_01.cpp */ = {isa = PBXFileReference; fileEncoding = 4; lastKnownFileType = sourcecode.cpp.cpp; name = sprite_explosion_big_01.cpp; path = ../data/sprite_explosion_big_01.cpp; sourceTree = "<group>"; };
		255853821C536A3000E1A79A /* sprite_explosion_big_01.h */ = {isa = PBXFileReference; fileEncoding = 4; lastKnownFileType = sourcecode.c.h; name = sprite_explosion_big_01.h; path = ../data/sprite_explosion_big_01.h; sourceTree = "<group>"; };
		255853831C536A3000E1A79A /* sprite_explosion_big_02.cpp */ = {isa = PBXFileReference; fileEncoding = 4; lastKnownFileType = sourcecode.cpp.cpp; name = sprite_explosion_big_02.cpp; path = ../data/sprite_explosion_big_02.cpp; sourceTree = "<group>"; };
		255853841C536A3000E1A79A /* sprite_explosion_big_02.h */ = {isa = PBXFileReference; fileEncoding = 4; lastKnownFileType = sourcecode.c.h; name = sprite_explosion_big_02.h; path = ../data/sprite_explosion_big_02.h; sourceTree = "<group>"; };
		255853851C536A3000E1A79A /* sprite_explosion_big_03.cpp */ = {isa = PBXFileReference; fileEncoding = 4; lastKnownFileType = sourcecode.cpp.cpp; name = sprite_explosion_big_03.cpp; path = ../data/sprite_explosion_big_03.cpp; sourceTree = "<group>"; };
		255853861C536A3000E1A79A /* sprite_explosion_big_03.h */ = {isa = PBXFileReference; fileEncoding = 4; lastKnownFileType = sourcecode.c.h; name = sprite_explosion_big_03.h; path = ../data/sprite_explosion_big_03.h; sourceTree = "<group>"; };
		255853871C536A3000E1A79A /* sprite_explosion_big_04.cpp */ = {isa = PBXFileReference; fileEncoding = 4; lastKnownFileType = sourcecode.cpp.cpp; name = sprite_explosion_big_04.cpp; path = ../data/sprite_explosion_big_04.cpp; sourceTree = "<group>"; };
		255853881C536A3000E1A79A /* sprite_explosion_big_04.h */ = {isa = PBXFileReference; fileEncoding = 4; lastKnownFileType = sourcecode.c.h; name = sprite_explosion_big_04.h; path = ../data/sprite_explosion_big_04.h; sourceTree = "<group>"; };
		255853891C536A3000E1A79A /* sprite_explosion_big_05.cpp */ = {isa = PBXFileReference; fileEncoding = 4; lastKnownFileType = sourcecode.cpp.cpp; name = sprite_explosion_big_05.cpp; path = ../data/sprite_explosion_big_05.cpp; sourceTree = "<group>"; };
		2558538A1C536A3000E1A79A /* sprite_explosion_big_05.h */ = {isa = PBXFileReference; fileEncoding = 4; lastKnownFileType = sourcecode.c.h; name = sprite_explosion_big_05.h; path = ../data/sprite_explosion_big_05.h; sourceTree = "<group>"; };
		2558538B1C536A3000E1A79A /* sprite_logo_shooter_e.cpp */ = {isa = PBXFileReference; fileEncoding = 4; lastKnownFileType = sourcecode.cpp.cpp; name = sprite_logo_shooter_e.cpp; path = ../data/sprite_logo_shooter_e.cpp; sourceTree = "<group>"; };
		2558538C1C536A3000E1A79A /* sprite_logo_shooter_e.h */ = {isa = PBXFileReference; fileEncoding = 4; lastKnownFileType = sourcecode.c.h; name = sprite_logo_shooter_e.h; path = ../data/sprite_logo_shooter_e.h; sourceTree = "<group>"; };
		2558538D1C536A3000E1A79A /* sprite_logo_shooter_h.cpp */ = {isa = PBXFileReference; fileEncoding = 4; lastKnownFileType = sourcecode.cpp.cpp; name = sprite_logo_shooter_h.cpp; path = ../data/sprite_logo_shooter_h.cpp; sourceTree = "<group>"; };
		2558538E1C536A3000E1A79A /* sprite_logo_shooter_h.h */ = {isa = PBXFileReference; fileEncoding = 4; lastKnownFileType = sourcecode.c.h; name = sprite_logo_shooter_h.h; path = ../data/sprite_logo_shooter_h.h; sourceTree = "<group>"; };
		2558538F1C536A3000E1A79A /* sprite_logo_shooter_o.cpp */ = {isa = PBXFileReference; fileEncoding = 4; lastKnownFileType = sourcecode.cpp.cpp; name = sprite_logo_shooter_o.cpp; path = ../data/sprite_logo_shooter_o.cpp; sourceTree = "<group>"; };
		255853901C536A3000E1A79A /* sprite_logo_shooter_o.h */ = {isa = PBXFileReference; fileEncoding = 4; lastKnownFileType = sourcecode.c.h; name = sprite_logo_shooter_o.h; path = ../data/sprite_logo_shooter_o.h; sourceTree = "<group>"; };
		255853911C536A3000E1A79A /* sprite_logo_shooter_r.cpp */ = {isa = PBXFileReference; fileEncoding = 4; lastKnownFileType = sourcecode.cpp.cpp; name = sprite_logo_shooter_r.cpp; path = ../data/sprite_logo_shooter_r.cpp; sourceTree = "<group>"; };
		255853921C536A3000E1A79A /* sprite_logo_shooter_r.h */ = {isa = PBXFileReference; fileEncoding = 4; lastKnownFileType = sourcecode.c.h; name = sprite_logo_shooter_r.h; path = ../data/sprite_logo_shooter_r.h; sourceTree = "<group>"; };
		255853931C536A3000E1A79A /* sprite_logo_shooter_s.cpp */ = {isa = PBXFileReference; fileEncoding = 4; lastKnownFileType = sourcecode.cpp.cpp; name = sprite_logo_shooter_s.cpp; path = ../data/sprite_logo_shooter_s.cpp; sourceTree = "<group>"; };
		255853941C536A3000E1A79A /* sprite_logo_shooter_s.h */ = {isa = PBXFileReference; fileEncoding = 4; lastKnownFileType = sourcecode.c.h; name = sprite_logo_shooter_s.h; path = ../data/sprite_logo_shooter_s.h; sourceTree = "<group>"; };
		255853951C536A3000E1A79A /* sprite_logo_shooter_t.cpp */ = {isa = PBXFileReference; fileEncoding = 4; lastKnownFileType = sourcecode.cpp.cpp; name = sprite_logo_shooter_t.cpp; path = ../data/sprite_logo_shooter_t.cpp; sourceTree = "<group>"; };
		255853961C536A3000E1A79A /* sprite_logo_shooter_t.h */ = {isa = PBXFileReference; fileEncoding = 4; lastKnownFileType = sourcecode.c.h; name = sprite_logo_shooter_t.h; path = ../data/sprite_logo_shooter_t.h; sourceTree = "<group>"; };
		255853971C536A3000E1A79A /* sprite_logo_tiny_i.cpp */ = {isa = PBXFileReference; fileEncoding = 4; lastKnownFileType = sourcecode.cpp.cpp; name = sprite_logo_tiny_i.cpp; path = ../data/sprite_logo_tiny_i.cpp; sourceTree = "<group>"; };
		255853981C536A3000E1A79A /* sprite_logo_tiny_i.h */ = {isa = PBXFileReference; fileEncoding = 4; lastKnownFileType = sourcecode.c.h; name = sprite_logo_tiny_i.h; path = ../data/sprite_logo_tiny_i.h; sourceTree = "<group>"; };
		255853991C536A3000E1A79A /* sprite_logo_tiny_n.cpp */ = {isa = PBXFileReference; fileEncoding = 4; lastKnownFileType = sourcecode.cpp.cpp; name = sprite_logo_tiny_n.cpp; path = ../data/sprite_logo_tiny_n.cpp; sourceTree = "<group>"; };
		2558539A1C536A3000E1A79A /* sprite_logo_tiny_n.h */ = {isa = PBXFileReference; fileEncoding = 4; lastKnownFileType = sourcecode.c.h; name = sprite_logo_tiny_n.h; path = ../data/sprite_logo_tiny_n.h; sourceTree = "<group>"; };
		2558539B1C536A3000E1A79A /* sprite_logo_tiny_t.cpp */ = {isa = PBXFileReference; fileEncoding = 4; lastKnownFileType = sourcecode.cpp.cpp; name = sprite_logo_tiny_t.cpp; path = ../data/sprite_logo_tiny_t.cpp; sourceTree = "<group>"; };
		2558539C1C536A3000E1A79A /* sprite_logo_tiny_t.h */ = {isa = PBXFileReference; fileEncoding = 4; lastKnownFileType = sourcecode.c.h; name = sprite_logo_tiny_t.h; path = ../data/sprite_logo_tiny_t.h; sourceTree = "<group>"; };
		2558539D1C536A3000E1A79A /* sprite_logo_tiny_y.cpp */ = {isa = PBXFileReference; fileEncoding = 4; lastKnownFileType = sourcecode.cpp.cpp; name = sprite_logo_tiny_y.cpp; path = ../data/sprite_logo_tiny_y.cpp; sourceTree = "<group>"; };
		2558539E1C536A3000E1A79A /* sprite_logo_tiny_y.h */ = {isa = PBXFileReference; fileEncoding = 4; lastKnownFileType = sourcecode.c.h; name = sprite_logo_tiny_y.h; path = ../data/sprite_logo_tiny_y.h; sourceTree = "<group>"; };
		2558539F1C536A3000E1A79A /* sprite_pb_01.cpp */ = {isa = PBXFileReference; fileEncoding = 4; lastKnownFileType = sourcecode.cpp.cpp; name = sprite_pb_01.cpp; path = ../data/sprite_pb_01.cpp; sourceTree = "<group>"; };
		255853A01C536A3000E1A79A /* sprite_pb_01.h */ = {isa = PBXFileReference; fileEncoding = 4; lastKnownFileType = sourcecode.c.h; name = sprite_pb_01.h; path = ../data/sprite_pb_01.h; sourceTree = "<group>"; };
		255853A11C536A3000E1A79A /* sprite_pickup_00.cpp */ = {isa = PBXFileReference; fileEncoding = 4; lastKnownFileType = sourcecode.cpp.cpp; name = sprite_pickup_00.cpp; path = ../data/sprite_pickup_00.cpp; sourceTree = "<group>"; };
		255853A21C536A3000E1A79A /* sprite_pickup_00.h */ = {isa = PBXFileReference; fileEncoding = 4; lastKnownFileType = sourcecode.c.h; name = sprite_pickup_00.h; path = ../data/sprite_pickup_00.h; sourceTree = "<group>"; };
		255853A31C536A3000E1A79A /* sprite_pickup_01.cpp */ = {isa = PBXFileReference; fileEncoding = 4; lastKnownFileType = sourcecode.cpp.cpp; name = sprite_pickup_01.cpp; path = ../data/sprite_pickup_01.cpp; sourceTree = "<group>"; };
		255853A41C536A3000E1A79A /* sprite_pickup_01.h */ = {isa = PBXFileReference; fileEncoding = 4; lastKnownFileType = sourcecode.c.h; name = sprite_pickup_01.h; path = ../data/sprite_pickup_01.h; sourceTree = "<group>"; };
		255853A51C536A3000E1A79A /* sprite_pickup_02.cpp */ = {isa = PBXFileReference; fileEncoding = 4; lastKnownFileType = sourcecode.cpp.cpp; name = sprite_pickup_02.cpp; path = ../data/sprite_pickup_02.cpp; sourceTree = "<group>"; };
		255853A61C536A3000E1A79A /* sprite_pickup_02.h */ = {isa = PBXFileReference; fileEncoding = 4; lastKnownFileType = sourcecode.c.h; name = sprite_pickup_02.h; path = ../data/sprite_pickup_02.h; sourceTree = "<group>"; };
		255853A71C536A3000E1A79A /* sprite_pickup_03.cpp */ = {isa = PBXFileReference; fileEncoding = 4; lastKnownFileType = sourcecode.cpp.cpp; name = sprite_pickup_03.cpp; path = ../data/sprite_pickup_03.cpp; sourceTree = "<group>"; };
		255853A81C536A3000E1A79A /* sprite_pickup_03.h */ = {isa = PBXFileReference; fileEncoding = 4; lastKnownFileType = sourcecode.c.h; name = sprite_pickup_03.h; path = ../data/sprite_pickup_03.h; sourceTree = "<group>"; };
		255853A91C536A3000E1A79A /* sprite_player.cpp */ = {isa = PBXFileReference; fileEncoding = 4; lastKnownFileType = sourcecode.cpp.cpp; name = sprite_player.cpp; path = ../data/sprite_player.cpp; sourceTree = "<group>"; };
		255853AA1C536A3000E1A79A /* sprite_player.h */ = {isa = PBXFileReference; fileEncoding = 4; lastKnownFileType = sourcecode.c.h; name = sprite_player.h; path = ../data/sprite_player.h; sourceTree = "<group>"; };
		255853AB1C536A3000E1A79A /* sprite_spacebase_boss_door.cpp */ = {isa = PBXFileReference; fileEncoding = 4; lastKnownFileType = sourcecode.cpp.cpp; name = sprite_spacebase_boss_door.cpp; path = ../data/sprite_spacebase_boss_door.cpp; sourceTree = "<group>"; };
		255853AC1C536A3000E1A79A /* sprite_spacebase_boss_door.h */ = {isa = PBXFileReference; fileEncoding = 4; lastKnownFileType = sourcecode.c.h; name = sprite_spacebase_boss_door.h; path = ../data/sprite_spacebase_boss_door.h; sourceTree = "<group>"; };
		255853AD1C536A3000E1A79A /* tilebank_spacebase.cpp */ = {isa = PBXFileReference; fileEncoding = 4; lastKnownFileType = sourcecode.cpp.cpp; name = tilebank_spacebase.cpp; path = ../data/tilebank_spacebase.cpp; sourceTree = "<group>"; };
		255853AE1C536A3000E1A79A /* tilebank_spacebase.h */ = {isa = PBXFileReference; fileEncoding = 4; lastKnownFileType = sourcecode.c.h; name = tilebank_spacebase.h; path = ../data/tilebank_spacebase.h; sourceTree = "<group>"; };
		255853AF1C536A3000E1A79A /* tilemap_spacebase_background.cpp */ = {isa = PBXFileReference; fileEncoding = 4; lastKnownFileType = sourcecode.cpp.cpp; name = tilemap_spacebase_background.cpp; path = ../data/tilemap_spacebase_background.cpp; sourceTree = "<group>"; };
		255853B01C536A3000E1A79A /* tilemap_spacebase_background.h */ = {isa = PBXFileReference; fileEncoding = 4; lastKnownFileType = sourcecode.c.h; name = tilemap_spacebase_background.h; path = ../data/tilemap_spacebase_background.h; sourceTree = "<group>"; };
		255853B11C536A3000E1A79A /* tilemap_spacebase.cpp */ = {isa = PBXFileReference; fileEncoding = 4; lastKnownFileType = sourcecode.cpp.cpp; name = tilemap_spacebase.cpp; path = ../data/tilemap_spacebase.cpp; sourceTree = "<group>"; };
		255853B21C536A3000E1A79A /* tilemap_spacebase.h */ = {isa = PBXFileReference; fileEncoding = 4; lastKnownFileType = sourcecode.c.h; name = tilemap_spacebase.h; path = ../data/tilemap_spacebase.h; sourceTree = "<group>"; };
		255853CF1C536A5400E1A79A /* animation_explosion_big.cpp */ = {isa = PBXFileReference; fileEncoding = 4; lastKnownFileType = sourcecode.cpp.cpp; name = animation_explosion_big.cpp; path = ../data_manual/animation_explosion_big.cpp; sourceTree = "<group>"; };
		255853D01C536A5400E1A79A /* animation_explosion_big.h */ = {isa = PBXFileReference; fileEncoding = 4; lastKnownFileType = sourcecode.c.h; name = animation_explosion_big.h; path = ../data_manual/animation_explosion_big.h; sourceTree = "<group>"; };
		255853D11C536A5400E1A79A /* animation_pickup.cpp */ = {isa = PBXFileReference; fileEncoding = 4; lastKnownFileType = sourcecode.cpp.cpp; name = animation_pickup.cpp; path = ../data_manual/animation_pickup.cpp; sourceTree = "<group>"; };
		255853D21C536A5400E1A79A /* animation_pickup.h */ = {isa = PBXFileReference; fileEncoding = 4; lastKnownFileType = sourcecode.c.h; name = animation_pickup.h; path = ../data_manual/animation_pickup.h; sourceTree = "<group>"; };
		255853D51C536A6100E1A79A /* ContextIngame.cpp */ = {isa = PBXFileReference; fileEncoding = 4; lastKnownFileType = sourcecode.cpp.cpp; name = ContextIngame.cpp; path = ../../ContextIngame.cpp; sourceTree = "<group>"; };
		255853D61C536A6100E1A79A /* ContextIngame.h */ = {isa = PBXFileReference; fileEncoding = 4; lastKnownFileType = sourcecode.c.h; name = ContextIngame.h; path = ../../ContextIngame.h; sourceTree = "<group>"; };
		258062C71C536C3A0027C16F /* AudioHandler.cpp */ = {isa = PBXFileReference; fileEncoding = 4; lastKnownFileType = sourcecode.cpp.cpp; name = AudioHandler.cpp; path = "../../../TAGE/Abstraction layer/AudioHandler.cpp"; sourceTree = "<group>"; };
		258062C81C536C3A0027C16F /* AudioHandler.h */ = {isa = PBXFileReference; fileEncoding = 4; lastKnownFileType = sourcecode.c.h; name = AudioHandler.h; path = "../../../TAGE/Abstraction layer/AudioHandler.h"; sourceTree = "<group>"; };
/* End PBXFileReference section */

/* Begin PBXFrameworksBuildPhase section */
		250DA1471C4A7F7E00C664DA /* Frameworks */ = {
			isa = PBXFrameworksBuildPhase;
			buildActionMask = 2147483647;
			files = (
				250DA1971C4A813500C664DA /* SDL2.framework in Frameworks */,
			);
			runOnlyForDeploymentPostprocessing = 0;
		};
/* End PBXFrameworksBuildPhase section */

/* Begin PBXGroup section */
		250DA1411C4A7F7E00C664DA = {
			isa = PBXGroup;
			children = (
				250DA14C1C4A7F7E00C664DA /* TinyShooter */,
				250DA18B1C4A7FFF00C664DA /* Data */,
				255853CE1C536A4200E1A79A /* Data Manual */,
				250DA1541C4A7FA400C664DA /* Engine */,
				250DA1831C4A7FD700C664DA /* Abstraction */,
				250DA1871C4A7FE800C664DA /* MacOSX */,
				250DA14B1C4A7F7E00C664DA /* Products */,
				250DA1961C4A813500C664DA /* SDL2.framework */,
			);
			sourceTree = "<group>";
		};
		250DA14B1C4A7F7E00C664DA /* Products */ = {
			isa = PBXGroup;
			children = (
				250DA14A1C4A7F7E00C664DA /* TinyShooter */,
			);
			name = Products;
			sourceTree = "<group>";
		};
		250DA14C1C4A7F7E00C664DA /* TinyShooter */ = {
			isa = PBXGroup;
			children = (
				250DA1981C4A81D600C664DA /* TinyShooter.cpp */,
				255853D51C536A6100E1A79A /* ContextIngame.cpp */,
				255853D61C536A6100E1A79A /* ContextIngame.h */,
			);
			path = TinyShooter;
			sourceTree = "<group>";
		};
		250DA1541C4A7FA400C664DA /* Engine */ = {
			isa = PBXGroup;
			children = (
				251488751C53912E00B44DE3 /* Audio */,
				2514887C1C53912E00B44DE3 /* BitHelpers.cpp */,
				2514887D1C53912E00B44DE3 /* BitHelpers.h */,
				2514887E1C53912E00B44DE3 /* Graphics */,
				2514888D1C53912E00B44DE3 /* Math */,
				251488981C53912E00B44DE3 /* Scene */,
			);
			name = Engine;
			sourceTree = "<group>";
		};
		250DA1831C4A7FD700C664DA /* Abstraction */ = {
			isa = PBXGroup;
			children = (
				250DA1A31C4A882900C664DA /* Arduino */,
				258062C71C536C3A0027C16F /* AudioHandler.cpp */,
				258062C81C536C3A0027C16F /* AudioHandler.h */,
				250DA1841C4A7FE300C664DA /* Joypad.cpp */,
				250DA1851C4A7FE300C664DA /* Joypad.h */,
				250DA19A1C4A852200C664DA /* Timer.cpp */,
				250DA19B1C4A852200C664DA /* Timer.h */,
			);
			name = Abstraction;
			sourceTree = "<group>";
		};
		250DA1871C4A7FE800C664DA /* MacOSX */ = {
			isa = PBXGroup;
			children = (
				250DA1881C4A7FF200C664DA /* main.cpp */,
				250DA1891C4A7FF200C664DA /* types.h */,
			);
			name = MacOSX;
			sourceTree = "<group>";
		};
		250DA18B1C4A7FFF00C664DA /* Data */ = {
			isa = PBXGroup;
			children = (
				2558537C1C536A3000E1A79A /* alldata.h */,
				251488B41C53915500B44DE3 /* audiosamples_pew_s8b_pcm_11025hz.cpp */,
				251488B51C53915500B44DE3 /* audiosamples_pew_s8b_pcm_11025hz.h */,
				2558537F1C536A3000E1A79A /* sprite_explosion_big_00.cpp */,
				255853801C536A3000E1A79A /* sprite_explosion_big_00.h */,
				255853811C536A3000E1A79A /* sprite_explosion_big_01.cpp */,
				255853821C536A3000E1A79A /* sprite_explosion_big_01.h */,
				255853831C536A3000E1A79A /* sprite_explosion_big_02.cpp */,
				255853841C536A3000E1A79A /* sprite_explosion_big_02.h */,
				255853851C536A3000E1A79A /* sprite_explosion_big_03.cpp */,
				255853861C536A3000E1A79A /* sprite_explosion_big_03.h */,
				255853871C536A3000E1A79A /* sprite_explosion_big_04.cpp */,
				255853881C536A3000E1A79A /* sprite_explosion_big_04.h */,
				255853891C536A3000E1A79A /* sprite_explosion_big_05.cpp */,
				2558538A1C536A3000E1A79A /* sprite_explosion_big_05.h */,
				2558538B1C536A3000E1A79A /* sprite_logo_shooter_e.cpp */,
				2558538C1C536A3000E1A79A /* sprite_logo_shooter_e.h */,
				2558538D1C536A3000E1A79A /* sprite_logo_shooter_h.cpp */,
				2558538E1C536A3000E1A79A /* sprite_logo_shooter_h.h */,
				2558538F1C536A3000E1A79A /* sprite_logo_shooter_o.cpp */,
				255853901C536A3000E1A79A /* sprite_logo_shooter_o.h */,
				255853911C536A3000E1A79A /* sprite_logo_shooter_r.cpp */,
				255853921C536A3000E1A79A /* sprite_logo_shooter_r.h */,
				255853931C536A3000E1A79A /* sprite_logo_shooter_s.cpp */,
				255853941C536A3000E1A79A /* sprite_logo_shooter_s.h */,
				255853951C536A3000E1A79A /* sprite_logo_shooter_t.cpp */,
				255853961C536A3000E1A79A /* sprite_logo_shooter_t.h */,
				255853971C536A3000E1A79A /* sprite_logo_tiny_i.cpp */,
				255853981C536A3000E1A79A /* sprite_logo_tiny_i.h */,
				255853991C536A3000E1A79A /* sprite_logo_tiny_n.cpp */,
				2558539A1C536A3000E1A79A /* sprite_logo_tiny_n.h */,
				2558539B1C536A3000E1A79A /* sprite_logo_tiny_t.cpp */,
				2558539C1C536A3000E1A79A /* sprite_logo_tiny_t.h */,
				2558539D1C536A3000E1A79A /* sprite_logo_tiny_y.cpp */,
				2558539E1C536A3000E1A79A /* sprite_logo_tiny_y.h */,
				2558539F1C536A3000E1A79A /* sprite_pb_01.cpp */,
				255853A01C536A3000E1A79A /* sprite_pb_01.h */,
				255853A11C536A3000E1A79A /* sprite_pickup_00.cpp */,
				255853A21C536A3000E1A79A /* sprite_pickup_00.h */,
				255853A31C536A3000E1A79A /* sprite_pickup_01.cpp */,
				255853A41C536A3000E1A79A /* sprite_pickup_01.h */,
				255853A51C536A3000E1A79A /* sprite_pickup_02.cpp */,
				255853A61C536A3000E1A79A /* sprite_pickup_02.h */,
				255853A71C536A3000E1A79A /* sprite_pickup_03.cpp */,
				255853A81C536A3000E1A79A /* sprite_pickup_03.h */,
				255853A91C536A3000E1A79A /* sprite_player.cpp */,
				255853AA1C536A3000E1A79A /* sprite_player.h */,
				255853AB1C536A3000E1A79A /* sprite_spacebase_boss_door.cpp */,
				255853AC1C536A3000E1A79A /* sprite_spacebase_boss_door.h */,
				255853AD1C536A3000E1A79A /* tilebank_spacebase.cpp */,
				255853AE1C536A3000E1A79A /* tilebank_spacebase.h */,
				255853AF1C536A3000E1A79A /* tilemap_spacebase_background.cpp */,
				255853B01C536A3000E1A79A /* tilemap_spacebase_background.h */,
				255853B11C536A3000E1A79A /* tilemap_spacebase.cpp */,
				255853B21C536A3000E1A79A /* tilemap_spacebase.h */,
			);
			name = Data;
			sourceTree = "<group>";
		};
		250DA1A31C4A882900C664DA /* Arduino */ = {
			isa = PBXGroup;
			children = (
				250DA1A41C4A883100C664DA /* Arduino.h */,
				250DA1A51C4A883100C664DA /* pins_arduino.h */,
				250DA1A61C4A883100C664DA /* SPI.h */,
				250DA1A71C4A883100C664DA /* Wire.h */,
				250DA1A81C4A883100C664DA /* wiring_private.h */,
			);
			name = Arduino;
			sourceTree = "<group>";
		};
		251488751C53912E00B44DE3 /* Audio */ = {
			isa = PBXGroup;
			children = (
				251488761C53912E00B44DE3 /* AudioData.cpp */,
				251488771C53912E00B44DE3 /* AudioData.h */,
				251488781C53912E00B44DE3 /* AudioMixer.cpp */,
				251488791C53912E00B44DE3 /* AudioMixer.h */,
				2514887A1C53912E00B44DE3 /* AudioSource.cpp */,
				2514887B1C53912E00B44DE3 /* AudioSource.h */,
			);
			name = Audio;
			path = ../../../TAGE/Engine/Audio;
			sourceTree = "<group>";
		};
		2514887E1C53912E00B44DE3 /* Graphics */ = {
			isa = PBXGroup;
			children = (
				2514887F1C53912E00B44DE3 /* Animation.cpp */,
				251488801C53912E00B44DE3 /* Animation.h */,
				251488811C53912E00B44DE3 /* Image.cpp */,
				251488821C53912E00B44DE3 /* Image.h */,
				251488831C53912E00B44DE3 /* Screen.cpp */,
				251488841C53912E00B44DE3 /* Screen.h */,
				251488851C53912E00B44DE3 /* Sprite.cpp */,
				251488861C53912E00B44DE3 /* Sprite.h */,
				251488871C53912E00B44DE3 /* SpriteRenderer.cpp */,
				251488881C53912E00B44DE3 /* SpriteRenderer.h */,
				251488891C53912E00B44DE3 /* TileBank.cpp */,
				2514888A1C53912E00B44DE3 /* TileBank.h */,
				2514888B1C53912E00B44DE3 /* TileMap.cpp */,
				2514888C1C53912E00B44DE3 /* TileMap.h */,
				25505C231C5392A50064434D /* TileRenderer.cpp */,
				25505C241C5392A50064434D /* TileRenderer.h */,
			);
			name = Graphics;
			path = ../../../TAGE/Engine/Graphics;
			sourceTree = "<group>";
		};
		2514888D1C53912E00B44DE3 /* Math */ = {
			isa = PBXGroup;
			children = (
				2514888E1C53912E00B44DE3 /* FixedPoint.cpp */,
				2514888F1C53912E00B44DE3 /* FixedPoint.h */,
				251488901C53912E00B44DE3 /* fp2d.cpp */,
				251488911C53912E00B44DE3 /* fp2d.h */,
				251488921C53912E00B44DE3 /* fpmath.cpp */,
				251488931C53912E00B44DE3 /* fpmath.h */,
				251488941C53912E00B44DE3 /* sinetable.h */,
			);
			name = Math;
			path = ../../../TAGE/Engine/Math;
			sourceTree = "<group>";
		};
		251488981C53912E00B44DE3 /* Scene */ = {
			isa = PBXGroup;
			children = (
				251488991C53912E00B44DE3 /* Camera.cpp */,
				2514889A1C53912E00B44DE3 /* Camera.h */,
				2514889B1C53912E00B44DE3 /* GameObject.cpp */,
				2514889C1C53912E00B44DE3 /* GameObject.h */,
				2514889D1C53912E00B44DE3 /* GameObjectManager.cpp */,
				2514889E1C53912E00B44DE3 /* GameObjectManager.h */,
				2514889F1C53912E00B44DE3 /* GameObjectTemplate.cpp */,
				251488A01C53912E00B44DE3 /* GameObjectTemplate.h */,
			);
			name = Scene;
			path = ../../../TAGE/Engine/Scene;
			sourceTree = "<group>";
		};
		255853CE1C536A4200E1A79A /* Data Manual */ = {
			isa = PBXGroup;
			children = (
				255853CF1C536A5400E1A79A /* animation_explosion_big.cpp */,
				255853D01C536A5400E1A79A /* animation_explosion_big.h */,
				255853D11C536A5400E1A79A /* animation_pickup.cpp */,
				255853D21C536A5400E1A79A /* animation_pickup.h */,
			);
			name = "Data Manual";
			sourceTree = "<group>";
		};
/* End PBXGroup section */

/* Begin PBXNativeTarget section */
		250DA1491C4A7F7E00C664DA /* TinyShooter */ = {
			isa = PBXNativeTarget;
			buildConfigurationList = 250DA1511C4A7F7E00C664DA /* Build configuration list for PBXNativeTarget "TinyShooter" */;
			buildPhases = (
				250DA1461C4A7F7E00C664DA /* Sources */,
				250DA1471C4A7F7E00C664DA /* Frameworks */,
				250DA1481C4A7F7E00C664DA /* CopyFiles */,
			);
			buildRules = (
			);
			dependencies = (
			);
			name = TinyShooter;
			productName = TinyShooter;
			productReference = 250DA14A1C4A7F7E00C664DA /* TinyShooter */;
			productType = "com.apple.product-type.tool";
		};
/* End PBXNativeTarget section */

/* Begin PBXProject section */
		250DA1421C4A7F7E00C664DA /* Project object */ = {
			isa = PBXProject;
			attributes = {
				LastUpgradeCheck = 0700;
				ORGANIZATIONNAME = "Magnus Runesson";
				TargetAttributes = {
					250DA1491C4A7F7E00C664DA = {
						CreatedOnToolsVersion = 7.0.1;
					};
				};
			};
			buildConfigurationList = 250DA1451C4A7F7E00C664DA /* Build configuration list for PBXProject "TinyShooter" */;
			compatibilityVersion = "Xcode 3.2";
			developmentRegion = English;
			hasScannedForEncodings = 0;
			knownRegions = (
				en,
			);
			mainGroup = 250DA1411C4A7F7E00C664DA;
			productRefGroup = 250DA14B1C4A7F7E00C664DA /* Products */;
			projectDirPath = "";
			projectRoot = "";
			targets = (
				250DA1491C4A7F7E00C664DA /* TinyShooter */,
			);
		};
/* End PBXProject section */

/* Begin PBXSourcesBuildPhase section */
		250DA1461C4A7F7E00C664DA /* Sources */ = {
			isa = PBXSourcesBuildPhase;
			buildActionMask = 2147483647;
			files = (
				255853D41C536A5400E1A79A /* animation_pickup.cpp in Sources */,
				255853D31C536A5400E1A79A /* animation_explosion_big.cpp in Sources */,
				255853B61C536A3000E1A79A /* sprite_explosion_big_02.cpp in Sources */,
				255853B41C536A3000E1A79A /* sprite_explosion_big_00.cpp in Sources */,
				251488A61C53912E00B44DE3 /* Image.cpp in Sources */,
				251488AD1C53912E00B44DE3 /* fp2d.cpp in Sources */,
				255853BD1C536A3000E1A79A /* sprite_logo_shooter_r.cpp in Sources */,
				251488AE1C53912E00B44DE3 /* fpmath.cpp in Sources */,
				255853C11C536A3000E1A79A /* sprite_logo_tiny_n.cpp in Sources */,
				251488B31C53912E00B44DE3 /* GameObjectTemplate.cpp in Sources */,
				250DA19C1C4A852200C664DA /* Timer.cpp in Sources */,
				250DA1861C4A7FE300C664DA /* Joypad.cpp in Sources */,
				251488A21C53912E00B44DE3 /* AudioMixer.cpp in Sources */,
				255853BF1C536A3000E1A79A /* sprite_logo_shooter_t.cpp in Sources */,
				255853B71C536A3000E1A79A /* sprite_explosion_big_03.cpp in Sources */,
				251488A11C53912E00B44DE3 /* AudioData.cpp in Sources */,
				25505C251C5392A50064434D /* TileRenderer.cpp in Sources */,
				255853C51C536A3000E1A79A /* sprite_pickup_00.cpp in Sources */,
				250DA18A1C4A7FF200C664DA /* main.cpp in Sources */,
				251488A51C53912E00B44DE3 /* Animation.cpp in Sources */,
				251488AB1C53912E00B44DE3 /* TileMap.cpp in Sources */,
				255853D71C536A6100E1A79A /* ContextIngame.cpp in Sources */,
				255853CC1C536A3000E1A79A /* tilemap_spacebase_background.cpp in Sources */,
				251488A81C53912E00B44DE3 /* Sprite.cpp in Sources */,
				255853BA1C536A3000E1A79A /* sprite_logo_shooter_e.cpp in Sources */,
				255853BC1C536A3000E1A79A /* sprite_logo_shooter_o.cpp in Sources */,
				255853C31C536A3000E1A79A /* sprite_logo_tiny_y.cpp in Sources */,
				251488AA1C53912E00B44DE3 /* TileBank.cpp in Sources */,
				255853CB1C536A3000E1A79A /* tilebank_spacebase.cpp in Sources */,
				251488B11C53912E00B44DE3 /* GameObject.cpp in Sources */,
				255853BE1C536A3000E1A79A /* sprite_logo_shooter_s.cpp in Sources */,
				255853BB1C536A3000E1A79A /* sprite_logo_shooter_h.cpp in Sources */,
				255853CA1C536A3000E1A79A /* sprite_spacebase_boss_door.cpp in Sources */,
				258062C91C536C3A0027C16F /* AudioHandler.cpp in Sources */,
				251488AC1C53912E00B44DE3 /* FixedPoint.cpp in Sources */,
				255853C71C536A3000E1A79A /* sprite_pickup_02.cpp in Sources */,
				251488B61C53915500B44DE3 /* audiosamples_pew_s8b_pcm_11025hz.cpp in Sources */,
				251488B21C53912E00B44DE3 /* GameObjectManager.cpp in Sources */,
				251488A91C53912E00B44DE3 /* SpriteRenderer.cpp in Sources */,
				255853C91C536A3000E1A79A /* sprite_player.cpp in Sources */,
				255853C01C536A3000E1A79A /* sprite_logo_tiny_i.cpp in Sources */,
				255853C81C536A3000E1A79A /* sprite_pickup_03.cpp in Sources */,
				251488A31C53912E00B44DE3 /* AudioSource.cpp in Sources */,
				255853B91C536A3000E1A79A /* sprite_explosion_big_05.cpp in Sources */,
				255853B81C536A3000E1A79A /* sprite_explosion_big_04.cpp in Sources */,
				255853CD1C536A3000E1A79A /* tilemap_spacebase.cpp in Sources */,
				251488A71C53912E00B44DE3 /* Screen.cpp in Sources */,
				255853B51C536A3000E1A79A /* sprite_explosion_big_01.cpp in Sources */,
				255853C61C536A3000E1A79A /* sprite_pickup_01.cpp in Sources */,
				251488B01C53912E00B44DE3 /* Camera.cpp in Sources */,
				251488A41C53912E00B44DE3 /* BitHelpers.cpp in Sources */,
				255853C21C536A3000E1A79A /* sprite_logo_tiny_t.cpp in Sources */,
				250DA1991C4A81D600C664DA /* TinyShooter.cpp in Sources */,
				255853C41C536A3000E1A79A /* sprite_pb_01.cpp in Sources */,
			);
			runOnlyForDeploymentPostprocessing = 0;
		};
/* End PBXSourcesBuildPhase section */

/* Begin XCBuildConfiguration section */
		250DA14F1C4A7F7E00C664DA /* Debug */ = {
			isa = XCBuildConfiguration;
			buildSettings = {
				ALWAYS_SEARCH_USER_PATHS = NO;
				CLANG_CXX_LANGUAGE_STANDARD = "gnu++0x";
				CLANG_CXX_LIBRARY = "libc++";
				CLANG_ENABLE_MODULES = YES;
				CLANG_ENABLE_OBJC_ARC = YES;
				CLANG_WARN_BOOL_CONVERSION = YES;
				CLANG_WARN_CONSTANT_CONVERSION = YES;
				CLANG_WARN_DIRECT_OBJC_ISA_USAGE = YES_ERROR;
				CLANG_WARN_EMPTY_BODY = YES;
				CLANG_WARN_ENUM_CONVERSION = YES;
				CLANG_WARN_INT_CONVERSION = YES;
				CLANG_WARN_OBJC_ROOT_CLASS = YES_ERROR;
				CLANG_WARN_UNREACHABLE_CODE = YES;
				CLANG_WARN__DUPLICATE_METHOD_MATCH = YES;
				COPY_PHASE_STRIP = NO;
				DEBUG_INFORMATION_FORMAT = dwarf;
				ENABLE_STRICT_OBJC_MSGSEND = YES;
				ENABLE_TESTABILITY = YES;
				GCC_C_LANGUAGE_STANDARD = gnu99;
				GCC_DYNAMIC_NO_PIC = NO;
				GCC_NO_COMMON_BLOCKS = YES;
				GCC_OPTIMIZATION_LEVEL = 0;
				GCC_PREPROCESSOR_DEFINITIONS = (
					"DEBUG=1",
					"$(inherited)",
				);
				GCC_WARN_64_TO_32_BIT_CONVERSION = YES;
				GCC_WARN_ABOUT_RETURN_TYPE = YES_ERROR;
				GCC_WARN_UNDECLARED_SELECTOR = YES;
				GCC_WARN_UNINITIALIZED_AUTOS = YES_AGGRESSIVE;
				GCC_WARN_UNUSED_FUNCTION = YES;
				GCC_WARN_UNUSED_VARIABLE = YES;
				MACOSX_DEPLOYMENT_TARGET = 10.10;
				MTL_ENABLE_DEBUG_INFO = YES;
				ONLY_ACTIVE_ARCH = YES;
				SDKROOT = macosx;
			};
			name = Debug;
		};
		250DA1501C4A7F7E00C664DA /* Release */ = {
			isa = XCBuildConfiguration;
			buildSettings = {
				ALWAYS_SEARCH_USER_PATHS = NO;
				CLANG_CXX_LANGUAGE_STANDARD = "gnu++0x";
				CLANG_CXX_LIBRARY = "libc++";
				CLANG_ENABLE_MODULES = YES;
				CLANG_ENABLE_OBJC_ARC = YES;
				CLANG_WARN_BOOL_CONVERSION = YES;
				CLANG_WARN_CONSTANT_CONVERSION = YES;
				CLANG_WARN_DIRECT_OBJC_ISA_USAGE = YES_ERROR;
				CLANG_WARN_EMPTY_BODY = YES;
				CLANG_WARN_ENUM_CONVERSION = YES;
				CLANG_WARN_INT_CONVERSION = YES;
				CLANG_WARN_OBJC_ROOT_CLASS = YES_ERROR;
				CLANG_WARN_UNREACHABLE_CODE = YES;
				CLANG_WARN__DUPLICATE_METHOD_MATCH = YES;
				COPY_PHASE_STRIP = NO;
				DEBUG_INFORMATION_FORMAT = "dwarf-with-dsym";
				ENABLE_NS_ASSERTIONS = NO;
				ENABLE_STRICT_OBJC_MSGSEND = YES;
				GCC_C_LANGUAGE_STANDARD = gnu99;
				GCC_NO_COMMON_BLOCKS = YES;
				GCC_WARN_64_TO_32_BIT_CONVERSION = YES;
				GCC_WARN_ABOUT_RETURN_TYPE = YES_ERROR;
				GCC_WARN_UNDECLARED_SELECTOR = YES;
				GCC_WARN_UNINITIALIZED_AUTOS = YES_AGGRESSIVE;
				GCC_WARN_UNUSED_FUNCTION = YES;
				GCC_WARN_UNUSED_VARIABLE = YES;
				MACOSX_DEPLOYMENT_TARGET = 10.10;
				MTL_ENABLE_DEBUG_INFO = NO;
				SDKROOT = macosx;
			};
			name = Release;
		};
		250DA1521C4A7F7E00C664DA /* Debug */ = {
			isa = XCBuildConfiguration;
			buildSettings = {
				FRAMEWORK_SEARCH_PATHS = (
					"$(inherited)",
					"$(LOCAL_LIBRARY_DIR)/Frameworks",
				);
				HEADER_SEARCH_PATHS = "../../../TAGE/Abstraction\\ layer/Arduino";
				PRODUCT_NAME = "$(TARGET_NAME)";
			};
			name = Debug;
		};
		250DA1531C4A7F7E00C664DA /* Release */ = {
			isa = XCBuildConfiguration;
			buildSettings = {
				FRAMEWORK_SEARCH_PATHS = (
					"$(inherited)",
					"$(LOCAL_LIBRARY_DIR)/Frameworks",
				);
				HEADER_SEARCH_PATHS = "../../../TAGE/Abstraction\\ layer/Arduino";
				PRODUCT_NAME = "$(TARGET_NAME)";
			};
			name = Release;
		};
/* End XCBuildConfiguration section */

/* Begin XCConfigurationList section */
		250DA1451C4A7F7E00C664DA /* Build configuration list for PBXProject "TinyShooter" */ = {
			isa = XCConfigurationList;
			buildConfigurations = (
				250DA14F1C4A7F7E00C664DA /* Debug */,
				250DA1501C4A7F7E00C664DA /* Release */,
			);
			defaultConfigurationIsVisible = 0;
			defaultConfigurationName = Release;
		};
		250DA1511C4A7F7E00C664DA /* Build configuration list for PBXNativeTarget "TinyShooter" */ = {
			isa = XCConfigurationList;
			buildConfigurations = (
				250DA1521C4A7F7E00C664DA /* Debug */,
				250DA1531C4A7F7E00C664DA /* Release */,
			);
			defaultConfigurationIsVisible = 0;
			defaultConfigurationName = Release;
		};
/* End XCConfigurationList section */
	};
	rootObject = 250DA1421C4A7F7E00C664DA /* Project object */;
}
